// !$*UTF8*$!
{
	archiveVersion = 1;
	classes = {
	};
	objectVersion = 46;
	objects = {

/* Begin PBXBuildFile section */
		1D60589F0D05DD5A006BFB54 /* Foundation.framework in Frameworks */ = {isa = PBXBuildFile; fileRef = 1D30AB110D05D00D00671497 /* Foundation.framework */; };
		1DF5F4E00D08C38300B7A737 /* UIKit.framework in Frameworks */ = {isa = PBXBuildFile; fileRef = 1DF5F4DF0D08C38300B7A737 /* UIKit.framework */; };
		288765FD0DF74451002DB57D /* CoreGraphics.framework in Frameworks */ = {isa = PBXBuildFile; fileRef = 288765FC0DF74451002DB57D /* CoreGraphics.framework */; };
		2A1188511A75D49800904499 /* .gitignore in Resources */ = {isa = PBXBuildFile; fileRef = 2A1188431A75D49800904499 /* .gitignore */; };
		2A1188521A75D49800904499 /* README.md in Sources */ = {isa = PBXBuildFile; fileRef = 2A1188441A75D49800904499 /* README.md */; };
		2A1188531A75D49800904499 /* BitmapTextButton.cpp in Sources */ = {isa = PBXBuildFile; fileRef = 2A1188471A75D49800904499 /* BitmapTextButton.cpp */; };
		2A1188541A75D49800904499 /* TextureButton.cpp in Sources */ = {isa = PBXBuildFile; fileRef = 2A1188491A75D49800904499 /* TextureButton.cpp */; };
		2A1188551A75D49800904499 /* ofxUINode.cpp in Sources */ = {isa = PBXBuildFile; fileRef = 2A11884B1A75D49800904499 /* ofxUINode.cpp */; };
		2A1188561A75D49800904499 /* TouchEvent.cpp in Sources */ = {isa = PBXBuildFile; fileRef = 2A11884D1A75D49800904499 /* TouchEvent.cpp */; };
		2A1188571A75D49800904499 /* TouchManager.cpp in Sources */ = {isa = PBXBuildFile; fileRef = 2A11884F1A75D49800904499 /* TouchManager.cpp */; };
		2A11885E1A75D4A000904499 /* .gitignore in Resources */ = {isa = PBXBuildFile; fileRef = 2A1188591A75D4A000904499 /* .gitignore */; };
		2A11885F1A75D4A000904499 /* README.md in Sources */ = {isa = PBXBuildFile; fileRef = 2A11885A1A75D4A000904499 /* README.md */; };
		2A11896B1A75D4AA00904499 /* b2BroadPhase.cpp in Sources */ = {isa = PBXBuildFile; fileRef = 2A1188AA1A75D4AA00904499 /* b2BroadPhase.cpp */; };
		2A11896C1A75D4AA00904499 /* b2CollideCircle.cpp in Sources */ = {isa = PBXBuildFile; fileRef = 2A1188AC1A75D4AA00904499 /* b2CollideCircle.cpp */; };
		2A11896D1A75D4AA00904499 /* b2CollideEdge.cpp in Sources */ = {isa = PBXBuildFile; fileRef = 2A1188AD1A75D4AA00904499 /* b2CollideEdge.cpp */; };
		2A11896E1A75D4AA00904499 /* b2CollidePolygon.cpp in Sources */ = {isa = PBXBuildFile; fileRef = 2A1188AE1A75D4AA00904499 /* b2CollidePolygon.cpp */; };
		2A11896F1A75D4AA00904499 /* b2Collision.cpp in Sources */ = {isa = PBXBuildFile; fileRef = 2A1188AF1A75D4AA00904499 /* b2Collision.cpp */; };
		2A1189701A75D4AA00904499 /* b2Distance.cpp in Sources */ = {isa = PBXBuildFile; fileRef = 2A1188B11A75D4AA00904499 /* b2Distance.cpp */; };
		2A1189711A75D4AA00904499 /* b2DynamicTree.cpp in Sources */ = {isa = PBXBuildFile; fileRef = 2A1188B31A75D4AA00904499 /* b2DynamicTree.cpp */; };
		2A1189721A75D4AA00904499 /* b2TimeOfImpact.cpp in Sources */ = {isa = PBXBuildFile; fileRef = 2A1188B51A75D4AA00904499 /* b2TimeOfImpact.cpp */; };
		2A1189731A75D4AA00904499 /* b2ChainShape.cpp in Sources */ = {isa = PBXBuildFile; fileRef = 2A1188B81A75D4AA00904499 /* b2ChainShape.cpp */; };
		2A1189741A75D4AA00904499 /* b2CircleShape.cpp in Sources */ = {isa = PBXBuildFile; fileRef = 2A1188BA1A75D4AA00904499 /* b2CircleShape.cpp */; };
		2A1189751A75D4AA00904499 /* b2EdgeShape.cpp in Sources */ = {isa = PBXBuildFile; fileRef = 2A1188BC1A75D4AA00904499 /* b2EdgeShape.cpp */; };
		2A1189761A75D4AA00904499 /* b2PolygonShape.cpp in Sources */ = {isa = PBXBuildFile; fileRef = 2A1188BE1A75D4AA00904499 /* b2PolygonShape.cpp */; };
		2A1189771A75D4AA00904499 /* b2BlockAllocator.cpp in Sources */ = {isa = PBXBuildFile; fileRef = 2A1188C21A75D4AA00904499 /* b2BlockAllocator.cpp */; };
		2A1189781A75D4AA00904499 /* b2Draw.cpp in Sources */ = {isa = PBXBuildFile; fileRef = 2A1188C41A75D4AA00904499 /* b2Draw.cpp */; };
		2A1189791A75D4AA00904499 /* b2FreeList.cpp in Sources */ = {isa = PBXBuildFile; fileRef = 2A1188C61A75D4AA00904499 /* b2FreeList.cpp */; };
		2A11897A1A75D4AA00904499 /* b2Math.cpp in Sources */ = {isa = PBXBuildFile; fileRef = 2A1188CB1A75D4AA00904499 /* b2Math.cpp */; };
		2A11897B1A75D4AA00904499 /* b2Settings.cpp in Sources */ = {isa = PBXBuildFile; fileRef = 2A1188CD1A75D4AA00904499 /* b2Settings.cpp */; };
		2A11897C1A75D4AA00904499 /* b2StackAllocator.cpp in Sources */ = {isa = PBXBuildFile; fileRef = 2A1188D01A75D4AA00904499 /* b2StackAllocator.cpp */; };
		2A11897D1A75D4AA00904499 /* b2Stat.cpp in Sources */ = {isa = PBXBuildFile; fileRef = 2A1188D21A75D4AA00904499 /* b2Stat.cpp */; };
		2A11897E1A75D4AA00904499 /* b2Timer.cpp in Sources */ = {isa = PBXBuildFile; fileRef = 2A1188D41A75D4AA00904499 /* b2Timer.cpp */; };
		2A11897F1A75D4AA00904499 /* b2TrackedBlock.cpp in Sources */ = {isa = PBXBuildFile; fileRef = 2A1188D61A75D4AA00904499 /* b2TrackedBlock.cpp */; };
		2A1189801A75D4AA00904499 /* b2Body.cpp in Sources */ = {isa = PBXBuildFile; fileRef = 2A1188D91A75D4AA00904499 /* b2Body.cpp */; };
		2A1189811A75D4AA00904499 /* b2ContactManager.cpp in Sources */ = {isa = PBXBuildFile; fileRef = 2A1188DB1A75D4AA00904499 /* b2ContactManager.cpp */; };
		2A1189821A75D4AA00904499 /* b2Fixture.cpp in Sources */ = {isa = PBXBuildFile; fileRef = 2A1188DD1A75D4AA00904499 /* b2Fixture.cpp */; };
		2A1189831A75D4AA00904499 /* b2Island.cpp in Sources */ = {isa = PBXBuildFile; fileRef = 2A1188DF1A75D4AA00904499 /* b2Island.cpp */; };
		2A1189841A75D4AA00904499 /* b2World.cpp in Sources */ = {isa = PBXBuildFile; fileRef = 2A1188E21A75D4AA00904499 /* b2World.cpp */; };
		2A1189851A75D4AA00904499 /* b2WorldCallbacks.cpp in Sources */ = {isa = PBXBuildFile; fileRef = 2A1188E41A75D4AA00904499 /* b2WorldCallbacks.cpp */; };
		2A1189861A75D4AA00904499 /* b2ChainAndCircleContact.cpp in Sources */ = {isa = PBXBuildFile; fileRef = 2A1188E71A75D4AA00904499 /* b2ChainAndCircleContact.cpp */; };
		2A1189871A75D4AA00904499 /* b2ChainAndPolygonContact.cpp in Sources */ = {isa = PBXBuildFile; fileRef = 2A1188E91A75D4AA00904499 /* b2ChainAndPolygonContact.cpp */; };
		2A1189881A75D4AA00904499 /* b2CircleContact.cpp in Sources */ = {isa = PBXBuildFile; fileRef = 2A1188EB1A75D4AA00904499 /* b2CircleContact.cpp */; };
		2A1189891A75D4AA00904499 /* b2Contact.cpp in Sources */ = {isa = PBXBuildFile; fileRef = 2A1188ED1A75D4AA00904499 /* b2Contact.cpp */; };
		2A11898A1A75D4AA00904499 /* b2ContactSolver.cpp in Sources */ = {isa = PBXBuildFile; fileRef = 2A1188EF1A75D4AA00904499 /* b2ContactSolver.cpp */; };
		2A11898B1A75D4AA00904499 /* b2EdgeAndCircleContact.cpp in Sources */ = {isa = PBXBuildFile; fileRef = 2A1188F11A75D4AA00904499 /* b2EdgeAndCircleContact.cpp */; };
		2A11898C1A75D4AA00904499 /* b2EdgeAndPolygonContact.cpp in Sources */ = {isa = PBXBuildFile; fileRef = 2A1188F31A75D4AA00904499 /* b2EdgeAndPolygonContact.cpp */; };
		2A11898D1A75D4AA00904499 /* b2PolygonAndCircleContact.cpp in Sources */ = {isa = PBXBuildFile; fileRef = 2A1188F51A75D4AA00904499 /* b2PolygonAndCircleContact.cpp */; };
		2A11898E1A75D4AA00904499 /* b2PolygonContact.cpp in Sources */ = {isa = PBXBuildFile; fileRef = 2A1188F71A75D4AA00904499 /* b2PolygonContact.cpp */; };
		2A11898F1A75D4AA00904499 /* b2DistanceJoint.cpp in Sources */ = {isa = PBXBuildFile; fileRef = 2A1188FA1A75D4AA00904499 /* b2DistanceJoint.cpp */; };
		2A1189901A75D4AA00904499 /* b2FrictionJoint.cpp in Sources */ = {isa = PBXBuildFile; fileRef = 2A1188FC1A75D4AA00904499 /* b2FrictionJoint.cpp */; };
		2A1189911A75D4AA00904499 /* b2GearJoint.cpp in Sources */ = {isa = PBXBuildFile; fileRef = 2A1188FE1A75D4AA00904499 /* b2GearJoint.cpp */; };
		2A1189921A75D4AA00904499 /* b2Joint.cpp in Sources */ = {isa = PBXBuildFile; fileRef = 2A1189001A75D4AA00904499 /* b2Joint.cpp */; };
		2A1189931A75D4AA00904499 /* b2MotorJoint.cpp in Sources */ = {isa = PBXBuildFile; fileRef = 2A1189021A75D4AA00904499 /* b2MotorJoint.cpp */; };
		2A1189941A75D4AA00904499 /* b2MouseJoint.cpp in Sources */ = {isa = PBXBuildFile; fileRef = 2A1189041A75D4AA00904499 /* b2MouseJoint.cpp */; };
		2A1189951A75D4AA00904499 /* b2PrismaticJoint.cpp in Sources */ = {isa = PBXBuildFile; fileRef = 2A1189061A75D4AA00904499 /* b2PrismaticJoint.cpp */; };
		2A1189961A75D4AA00904499 /* b2PulleyJoint.cpp in Sources */ = {isa = PBXBuildFile; fileRef = 2A1189081A75D4AA00904499 /* b2PulleyJoint.cpp */; };
		2A1189971A75D4AA00904499 /* b2RevoluteJoint.cpp in Sources */ = {isa = PBXBuildFile; fileRef = 2A11890A1A75D4AA00904499 /* b2RevoluteJoint.cpp */; };
		2A1189981A75D4AA00904499 /* b2RopeJoint.cpp in Sources */ = {isa = PBXBuildFile; fileRef = 2A11890C1A75D4AA00904499 /* b2RopeJoint.cpp */; };
		2A1189991A75D4AA00904499 /* b2WeldJoint.cpp in Sources */ = {isa = PBXBuildFile; fileRef = 2A11890E1A75D4AA00904499 /* b2WeldJoint.cpp */; };
		2A11899A1A75D4AA00904499 /* b2WheelJoint.cpp in Sources */ = {isa = PBXBuildFile; fileRef = 2A1189101A75D4AA00904499 /* b2WheelJoint.cpp */; };
		2A11899B1A75D4AA00904499 /* b2Particle.cpp in Sources */ = {isa = PBXBuildFile; fileRef = 2A1189131A75D4AA00904499 /* b2Particle.cpp */; };
		2A11899C1A75D4AA00904499 /* b2ParticleAssembly.cpp in Sources */ = {isa = PBXBuildFile; fileRef = 2A1189151A75D4AA00904499 /* b2ParticleAssembly.cpp */; };
		2A11899D1A75D4AA00904499 /* b2ParticleGroup.cpp in Sources */ = {isa = PBXBuildFile; fileRef = 2A1189171A75D4AA00904499 /* b2ParticleGroup.cpp */; };
		2A11899E1A75D4AA00904499 /* b2ParticleSystem.cpp in Sources */ = {isa = PBXBuildFile; fileRef = 2A1189191A75D4AA00904499 /* b2ParticleSystem.cpp */; };
		2A11899F1A75D4AA00904499 /* b2VoronoiDiagram.cpp in Sources */ = {isa = PBXBuildFile; fileRef = 2A11891C1A75D4AA00904499 /* b2VoronoiDiagram.cpp */; };
		2A1189A01A75D4AA00904499 /* b2Rope.cpp in Sources */ = {isa = PBXBuildFile; fileRef = 2A11891F1A75D4AA00904499 /* b2Rope.cpp */; };
		2A1189A11A75D4AA00904499 /* del_impl.cpp in Sources */ = {isa = PBXBuildFile; fileRef = 2A1189231A75D4AA00904499 /* del_impl.cpp */; };
		2A1189A61A75D4AA00904499 /* ofxBox2d.cpp in Sources */ = {isa = PBXBuildFile; fileRef = 2A11892D1A75D4AA00904499 /* ofxBox2d.cpp */; };
		2A1189A71A75D4AA00904499 /* ofxBox2dBaseShape.cpp in Sources */ = {isa = PBXBuildFile; fileRef = 2A11892F1A75D4AA00904499 /* ofxBox2dBaseShape.cpp */; };
		2A1189A81A75D4AA00904499 /* ofxBox2dCircle.cpp in Sources */ = {isa = PBXBuildFile; fileRef = 2A1189311A75D4AA00904499 /* ofxBox2dCircle.cpp */; };
		2A1189A91A75D4AA00904499 /* ofxBox2dEdge.cpp in Sources */ = {isa = PBXBuildFile; fileRef = 2A1189341A75D4AA00904499 /* ofxBox2dEdge.cpp */; };
		2A1189AA1A75D4AA00904499 /* ofxBox2dJoint.cpp in Sources */ = {isa = PBXBuildFile; fileRef = 2A1189361A75D4AA00904499 /* ofxBox2dJoint.cpp */; };
		2A1189AB1A75D4AA00904499 /* ofxBox2dParticleSystem.cpp in Sources */ = {isa = PBXBuildFile; fileRef = 2A1189381A75D4AA00904499 /* ofxBox2dParticleSystem.cpp */; };
		2A1189AC1A75D4AA00904499 /* ofxBox2dPolygon.cpp in Sources */ = {isa = PBXBuildFile; fileRef = 2A11893A1A75D4AA00904499 /* ofxBox2dPolygon.cpp */; };
		2A1189AD1A75D4AA00904499 /* ofxBox2dRect.cpp in Sources */ = {isa = PBXBuildFile; fileRef = 2A11893D1A75D4AA00904499 /* ofxBox2dRect.cpp */; };
		2A1189B81A75DA8D00904499 /* ofxSprite.cpp in Sources */ = {isa = PBXBuildFile; fileRef = 2A11885C1A75D4A000904499 /* ofxSprite.cpp */; };
		2A1189BD1A75F1D000904499 /* Resources.cpp in Sources */ = {isa = PBXBuildFile; fileRef = 2A1189BB1A75F1D000904499 /* Resources.cpp */; };
		2A1189ED1A79D19200904499 /* ofxTimeMeasurements.cpp in Sources */ = {isa = PBXBuildFile; fileRef = 2A1189E61A79D19200904499 /* ofxTimeMeasurements.cpp */; };
		2AC525C41A7C80EC00F28BC0 /* TreeNode.cpp in Sources */ = {isa = PBXBuildFile; fileRef = 2AC525C21A7C80EC00F28BC0 /* TreeNode.cpp */; };
		2AC525C71A7C811300F28BC0 /* JointsTree.cpp in Sources */ = {isa = PBXBuildFile; fileRef = 2AC525C51A7C811300F28BC0 /* JointsTree.cpp */; };
		2AE242FF1A8075EE00515318 /* ofxBox2dRevoluteJoint.cpp in Sources */ = {isa = PBXBuildFile; fileRef = 2AE242FD1A8075EE00515318 /* ofxBox2dRevoluteJoint.cpp */; };
		5326AEA810A23A0500278DE6 /* CoreLocation.framework in Frameworks */ = {isa = PBXBuildFile; fileRef = 5326AEA710A23A0500278DE6 /* CoreLocation.framework */; };
		53F323EB10A20EDB00E0DAE4 /* OpenAL.framework in Frameworks */ = {isa = PBXBuildFile; fileRef = 53F323EA10A20EDB00E0DAE4 /* OpenAL.framework */; };
		678E130817951530005B6D19 /* Icon@2x.png in Resources */ = {isa = PBXBuildFile; fileRef = 678E130717951530005B6D19 /* Icon@2x.png */; };
		678E130A17951536005B6D19 /* Icon.png in Resources */ = {isa = PBXBuildFile; fileRef = 678E130917951536005B6D19 /* Icon.png */; };
		678E130C1795153C005B6D19 /* Default.png in Resources */ = {isa = PBXBuildFile; fileRef = 678E130B1795153C005B6D19 /* Default.png */; };
		678E130E17951540005B6D19 /* Default@2x.png in Resources */ = {isa = PBXBuildFile; fileRef = 678E130D17951540005B6D19 /* Default@2x.png */; };
		678E131017951549005B6D19 /* Default-568h@2x~iphone.png in Resources */ = {isa = PBXBuildFile; fileRef = 678E130F17951549005B6D19 /* Default-568h@2x~iphone.png */; };
		67DFA53619F92A69003B3434 /* Accelerate.framework in Frameworks */ = {isa = PBXBuildFile; fileRef = 67DFA53419F92A5E003B3434 /* Accelerate.framework */; };
		BB16EBD20F2B2A9500518274 /* OpenGLES.framework in Frameworks */ = {isa = PBXBuildFile; fileRef = BB16EBD10F2B2A9500518274 /* OpenGLES.framework */; };
		BB16EBD90F2B2AB500518274 /* QuartzCore.framework in Frameworks */ = {isa = PBXBuildFile; fileRef = BB16EBD80F2B2AB500518274 /* QuartzCore.framework */; };
		BBE5EAB80F49AD8400F28951 /* AudioToolbox.framework in Frameworks */ = {isa = PBXBuildFile; fileRef = BBE5EAB70F49AD8400F28951 /* AudioToolbox.framework */; };
		E41D400B13B39D2100A75A5D /* AVFoundation.framework in Frameworks */ = {isa = PBXBuildFile; fileRef = E41D400613B39D2100A75A5D /* AVFoundation.framework */; };
		E41D400C13B39D2100A75A5D /* CoreMedia.framework in Frameworks */ = {isa = PBXBuildFile; fileRef = E41D400713B39D2100A75A5D /* CoreMedia.framework */; };
		E41D400D13B39D2100A75A5D /* CoreVideo.framework in Frameworks */ = {isa = PBXBuildFile; fileRef = E41D400813B39D2100A75A5D /* CoreVideo.framework */; };
		E41D400E13B39D2100A75A5D /* MapKit.framework in Frameworks */ = {isa = PBXBuildFile; fileRef = E41D400913B39D2100A75A5D /* MapKit.framework */; };
		E41D421413B3A95300A75A5D /* libofxiOS_iphoneos_Debug.a in Frameworks */ = {isa = PBXBuildFile; fileRef = E41D410213B3A0D800A75A5D /* libofxiOS_iphoneos_Debug.a */; };
		E4D8936E11527B74007E1F53 /* main.mm in Sources */ = {isa = PBXBuildFile; fileRef = E4D8936B11527B74007E1F53 /* main.mm */; };
		E4D8936F11527B74007E1F53 /* ofApp.mm in Sources */ = {isa = PBXBuildFile; fileRef = E4D8936D11527B74007E1F53 /* ofApp.mm */; };
/* End PBXBuildFile section */

/* Begin PBXContainerItemProxy section */
		E41D410113B3A0D800A75A5D /* PBXContainerItemProxy */ = {
			isa = PBXContainerItemProxy;
			containerPortal = E41D40FD13B3A0D800A75A5D /* iOS+OFLib.xcodeproj */;
			proxyType = 2;
			remoteGlobalIDString = BB24DED610DA7A3F00E9C588;
			remoteInfo = "iPhone+OF Static Library";
		};
		E41D410313B3A11300A75A5D /* PBXContainerItemProxy */ = {
			isa = PBXContainerItemProxy;
			containerPortal = E41D40FD13B3A0D800A75A5D /* iOS+OFLib.xcodeproj */;
			proxyType = 1;
			remoteGlobalIDString = BB24DE5C10DA7A3F00E9C588;
			remoteInfo = "iPhone+OF Static Library";
		};
/* End PBXContainerItemProxy section */

/* Begin PBXFileReference section */
		1D30AB110D05D00D00671497 /* Foundation.framework */ = {isa = PBXFileReference; lastKnownFileType = wrapper.framework; name = Foundation.framework; path = System/Library/Frameworks/Foundation.framework; sourceTree = SDKROOT; };
		1D6058910D05DD3D006BFB54 /* liquidfun.app */ = {isa = PBXFileReference; explicitFileType = wrapper.application; includeInIndex = 0; path = liquidfun.app; sourceTree = BUILT_PRODUCTS_DIR; };
		1DF5F4DF0D08C38300B7A737 /* UIKit.framework */ = {isa = PBXFileReference; lastKnownFileType = wrapper.framework; name = UIKit.framework; path = System/Library/Frameworks/UIKit.framework; sourceTree = SDKROOT; };
		288765FC0DF74451002DB57D /* CoreGraphics.framework */ = {isa = PBXFileReference; lastKnownFileType = wrapper.framework; name = CoreGraphics.framework; path = System/Library/Frameworks/CoreGraphics.framework; sourceTree = SDKROOT; };
		2A1188431A75D49800904499 /* .gitignore */ = {isa = PBXFileReference; fileEncoding = 4; lastKnownFileType = text; path = .gitignore; sourceTree = "<group>"; };
		2A1188441A75D49800904499 /* README.md */ = {isa = PBXFileReference; fileEncoding = 4; lastKnownFileType = net.daringfireball.markdown; path = README.md; sourceTree = "<group>"; };
		2A1188471A75D49800904499 /* BitmapTextButton.cpp */ = {isa = PBXFileReference; fileEncoding = 4; lastKnownFileType = sourcecode.cpp.cpp; path = BitmapTextButton.cpp; sourceTree = "<group>"; };
		2A1188481A75D49800904499 /* BitmapTextButton.h */ = {isa = PBXFileReference; fileEncoding = 4; lastKnownFileType = sourcecode.c.h; path = BitmapTextButton.h; sourceTree = "<group>"; };
		2A1188491A75D49800904499 /* TextureButton.cpp */ = {isa = PBXFileReference; fileEncoding = 4; lastKnownFileType = sourcecode.cpp.cpp; path = TextureButton.cpp; sourceTree = "<group>"; };
		2A11884A1A75D49800904499 /* TextureButton.h */ = {isa = PBXFileReference; fileEncoding = 4; lastKnownFileType = sourcecode.c.h; path = TextureButton.h; sourceTree = "<group>"; };
		2A11884B1A75D49800904499 /* ofxUINode.cpp */ = {isa = PBXFileReference; fileEncoding = 4; lastKnownFileType = sourcecode.cpp.cpp; path = ofxUINode.cpp; sourceTree = "<group>"; };
		2A11884C1A75D49800904499 /* ofxUINode.h */ = {isa = PBXFileReference; fileEncoding = 4; lastKnownFileType = sourcecode.c.h; path = ofxUINode.h; sourceTree = "<group>"; };
		2A11884D1A75D49800904499 /* TouchEvent.cpp */ = {isa = PBXFileReference; fileEncoding = 4; lastKnownFileType = sourcecode.cpp.cpp; path = TouchEvent.cpp; sourceTree = "<group>"; };
		2A11884E1A75D49800904499 /* TouchEvent.h */ = {isa = PBXFileReference; fileEncoding = 4; lastKnownFileType = sourcecode.c.h; path = TouchEvent.h; sourceTree = "<group>"; };
		2A11884F1A75D49800904499 /* TouchManager.cpp */ = {isa = PBXFileReference; fileEncoding = 4; lastKnownFileType = sourcecode.cpp.cpp; path = TouchManager.cpp; sourceTree = "<group>"; };
		2A1188501A75D49800904499 /* TouchManager.h */ = {isa = PBXFileReference; fileEncoding = 4; lastKnownFileType = sourcecode.c.h; path = TouchManager.h; sourceTree = "<group>"; };
		2A1188591A75D4A000904499 /* .gitignore */ = {isa = PBXFileReference; fileEncoding = 4; lastKnownFileType = text; path = .gitignore; sourceTree = "<group>"; };
		2A11885A1A75D4A000904499 /* README.md */ = {isa = PBXFileReference; fileEncoding = 4; lastKnownFileType = net.daringfireball.markdown; path = README.md; sourceTree = "<group>"; };
		2A11885C1A75D4A000904499 /* ofxSprite.cpp */ = {isa = PBXFileReference; fileEncoding = 4; lastKnownFileType = sourcecode.cpp.cpp; path = ofxSprite.cpp; sourceTree = "<group>"; };
		2A11885D1A75D4A000904499 /* ofxSprite.h */ = {isa = PBXFileReference; fileEncoding = 4; lastKnownFileType = sourcecode.c.h; path = ofxSprite.h; sourceTree = "<group>"; };
		2A1188A81A75D4AA00904499 /* Box2D.h */ = {isa = PBXFileReference; fileEncoding = 4; lastKnownFileType = sourcecode.c.h; path = Box2D.h; sourceTree = "<group>"; };
		2A1188AA1A75D4AA00904499 /* b2BroadPhase.cpp */ = {isa = PBXFileReference; fileEncoding = 4; lastKnownFileType = sourcecode.cpp.cpp; path = b2BroadPhase.cpp; sourceTree = "<group>"; };
		2A1188AB1A75D4AA00904499 /* b2BroadPhase.h */ = {isa = PBXFileReference; fileEncoding = 4; lastKnownFileType = sourcecode.c.h; path = b2BroadPhase.h; sourceTree = "<group>"; };
		2A1188AC1A75D4AA00904499 /* b2CollideCircle.cpp */ = {isa = PBXFileReference; fileEncoding = 4; lastKnownFileType = sourcecode.cpp.cpp; path = b2CollideCircle.cpp; sourceTree = "<group>"; };
		2A1188AD1A75D4AA00904499 /* b2CollideEdge.cpp */ = {isa = PBXFileReference; fileEncoding = 4; lastKnownFileType = sourcecode.cpp.cpp; path = b2CollideEdge.cpp; sourceTree = "<group>"; };
		2A1188AE1A75D4AA00904499 /* b2CollidePolygon.cpp */ = {isa = PBXFileReference; fileEncoding = 4; lastKnownFileType = sourcecode.cpp.cpp; path = b2CollidePolygon.cpp; sourceTree = "<group>"; };
		2A1188AF1A75D4AA00904499 /* b2Collision.cpp */ = {isa = PBXFileReference; fileEncoding = 4; lastKnownFileType = sourcecode.cpp.cpp; path = b2Collision.cpp; sourceTree = "<group>"; };
		2A1188B01A75D4AA00904499 /* b2Collision.h */ = {isa = PBXFileReference; fileEncoding = 4; lastKnownFileType = sourcecode.c.h; path = b2Collision.h; sourceTree = "<group>"; };
		2A1188B11A75D4AA00904499 /* b2Distance.cpp */ = {isa = PBXFileReference; fileEncoding = 4; lastKnownFileType = sourcecode.cpp.cpp; path = b2Distance.cpp; sourceTree = "<group>"; };
		2A1188B21A75D4AA00904499 /* b2Distance.h */ = {isa = PBXFileReference; fileEncoding = 4; lastKnownFileType = sourcecode.c.h; path = b2Distance.h; sourceTree = "<group>"; };
		2A1188B31A75D4AA00904499 /* b2DynamicTree.cpp */ = {isa = PBXFileReference; fileEncoding = 4; lastKnownFileType = sourcecode.cpp.cpp; path = b2DynamicTree.cpp; sourceTree = "<group>"; };
		2A1188B41A75D4AA00904499 /* b2DynamicTree.h */ = {isa = PBXFileReference; fileEncoding = 4; lastKnownFileType = sourcecode.c.h; path = b2DynamicTree.h; sourceTree = "<group>"; };
		2A1188B51A75D4AA00904499 /* b2TimeOfImpact.cpp */ = {isa = PBXFileReference; fileEncoding = 4; lastKnownFileType = sourcecode.cpp.cpp; path = b2TimeOfImpact.cpp; sourceTree = "<group>"; };
		2A1188B61A75D4AA00904499 /* b2TimeOfImpact.h */ = {isa = PBXFileReference; fileEncoding = 4; lastKnownFileType = sourcecode.c.h; path = b2TimeOfImpact.h; sourceTree = "<group>"; };
		2A1188B81A75D4AA00904499 /* b2ChainShape.cpp */ = {isa = PBXFileReference; fileEncoding = 4; lastKnownFileType = sourcecode.cpp.cpp; path = b2ChainShape.cpp; sourceTree = "<group>"; };
		2A1188B91A75D4AA00904499 /* b2ChainShape.h */ = {isa = PBXFileReference; fileEncoding = 4; lastKnownFileType = sourcecode.c.h; path = b2ChainShape.h; sourceTree = "<group>"; };
		2A1188BA1A75D4AA00904499 /* b2CircleShape.cpp */ = {isa = PBXFileReference; fileEncoding = 4; lastKnownFileType = sourcecode.cpp.cpp; path = b2CircleShape.cpp; sourceTree = "<group>"; };
		2A1188BB1A75D4AA00904499 /* b2CircleShape.h */ = {isa = PBXFileReference; fileEncoding = 4; lastKnownFileType = sourcecode.c.h; path = b2CircleShape.h; sourceTree = "<group>"; };
		2A1188BC1A75D4AA00904499 /* b2EdgeShape.cpp */ = {isa = PBXFileReference; fileEncoding = 4; lastKnownFileType = sourcecode.cpp.cpp; path = b2EdgeShape.cpp; sourceTree = "<group>"; };
		2A1188BD1A75D4AA00904499 /* b2EdgeShape.h */ = {isa = PBXFileReference; fileEncoding = 4; lastKnownFileType = sourcecode.c.h; path = b2EdgeShape.h; sourceTree = "<group>"; };
		2A1188BE1A75D4AA00904499 /* b2PolygonShape.cpp */ = {isa = PBXFileReference; fileEncoding = 4; lastKnownFileType = sourcecode.cpp.cpp; path = b2PolygonShape.cpp; sourceTree = "<group>"; };
		2A1188BF1A75D4AA00904499 /* b2PolygonShape.h */ = {isa = PBXFileReference; fileEncoding = 4; lastKnownFileType = sourcecode.c.h; path = b2PolygonShape.h; sourceTree = "<group>"; };
		2A1188C01A75D4AA00904499 /* b2Shape.h */ = {isa = PBXFileReference; fileEncoding = 4; lastKnownFileType = sourcecode.c.h; path = b2Shape.h; sourceTree = "<group>"; };
		2A1188C21A75D4AA00904499 /* b2BlockAllocator.cpp */ = {isa = PBXFileReference; fileEncoding = 4; lastKnownFileType = sourcecode.cpp.cpp; path = b2BlockAllocator.cpp; sourceTree = "<group>"; };
		2A1188C31A75D4AA00904499 /* b2BlockAllocator.h */ = {isa = PBXFileReference; fileEncoding = 4; lastKnownFileType = sourcecode.c.h; path = b2BlockAllocator.h; sourceTree = "<group>"; };
		2A1188C41A75D4AA00904499 /* b2Draw.cpp */ = {isa = PBXFileReference; fileEncoding = 4; lastKnownFileType = sourcecode.cpp.cpp; path = b2Draw.cpp; sourceTree = "<group>"; };
		2A1188C51A75D4AA00904499 /* b2Draw.h */ = {isa = PBXFileReference; fileEncoding = 4; lastKnownFileType = sourcecode.c.h; path = b2Draw.h; sourceTree = "<group>"; };
		2A1188C61A75D4AA00904499 /* b2FreeList.cpp */ = {isa = PBXFileReference; fileEncoding = 4; lastKnownFileType = sourcecode.cpp.cpp; path = b2FreeList.cpp; sourceTree = "<group>"; };
		2A1188C71A75D4AA00904499 /* b2FreeList.h */ = {isa = PBXFileReference; fileEncoding = 4; lastKnownFileType = sourcecode.c.h; path = b2FreeList.h; sourceTree = "<group>"; };
		2A1188C81A75D4AA00904499 /* b2GrowableBuffer.h */ = {isa = PBXFileReference; fileEncoding = 4; lastKnownFileType = sourcecode.c.h; path = b2GrowableBuffer.h; sourceTree = "<group>"; };
		2A1188C91A75D4AA00904499 /* b2GrowableStack.h */ = {isa = PBXFileReference; fileEncoding = 4; lastKnownFileType = sourcecode.c.h; path = b2GrowableStack.h; sourceTree = "<group>"; };
		2A1188CA1A75D4AA00904499 /* b2IntrusiveList.h */ = {isa = PBXFileReference; fileEncoding = 4; lastKnownFileType = sourcecode.c.h; path = b2IntrusiveList.h; sourceTree = "<group>"; };
		2A1188CB1A75D4AA00904499 /* b2Math.cpp */ = {isa = PBXFileReference; fileEncoding = 4; lastKnownFileType = sourcecode.cpp.cpp; path = b2Math.cpp; sourceTree = "<group>"; };
		2A1188CC1A75D4AA00904499 /* b2Math.h */ = {isa = PBXFileReference; fileEncoding = 4; lastKnownFileType = sourcecode.c.h; path = b2Math.h; sourceTree = "<group>"; };
		2A1188CD1A75D4AA00904499 /* b2Settings.cpp */ = {isa = PBXFileReference; fileEncoding = 4; lastKnownFileType = sourcecode.cpp.cpp; path = b2Settings.cpp; sourceTree = "<group>"; };
		2A1188CE1A75D4AA00904499 /* b2Settings.h */ = {isa = PBXFileReference; fileEncoding = 4; lastKnownFileType = sourcecode.c.h; path = b2Settings.h; sourceTree = "<group>"; };
		2A1188CF1A75D4AA00904499 /* b2SlabAllocator.h */ = {isa = PBXFileReference; fileEncoding = 4; lastKnownFileType = sourcecode.c.h; path = b2SlabAllocator.h; sourceTree = "<group>"; };
		2A1188D01A75D4AA00904499 /* b2StackAllocator.cpp */ = {isa = PBXFileReference; fileEncoding = 4; lastKnownFileType = sourcecode.cpp.cpp; path = b2StackAllocator.cpp; sourceTree = "<group>"; };
		2A1188D11A75D4AA00904499 /* b2StackAllocator.h */ = {isa = PBXFileReference; fileEncoding = 4; lastKnownFileType = sourcecode.c.h; path = b2StackAllocator.h; sourceTree = "<group>"; };
		2A1188D21A75D4AA00904499 /* b2Stat.cpp */ = {isa = PBXFileReference; fileEncoding = 4; lastKnownFileType = sourcecode.cpp.cpp; path = b2Stat.cpp; sourceTree = "<group>"; };
		2A1188D31A75D4AA00904499 /* b2Stat.h */ = {isa = PBXFileReference; fileEncoding = 4; lastKnownFileType = sourcecode.c.h; path = b2Stat.h; sourceTree = "<group>"; };
		2A1188D41A75D4AA00904499 /* b2Timer.cpp */ = {isa = PBXFileReference; fileEncoding = 4; lastKnownFileType = sourcecode.cpp.cpp; path = b2Timer.cpp; sourceTree = "<group>"; };
		2A1188D51A75D4AA00904499 /* b2Timer.h */ = {isa = PBXFileReference; fileEncoding = 4; lastKnownFileType = sourcecode.c.h; path = b2Timer.h; sourceTree = "<group>"; };
		2A1188D61A75D4AA00904499 /* b2TrackedBlock.cpp */ = {isa = PBXFileReference; fileEncoding = 4; lastKnownFileType = sourcecode.cpp.cpp; path = b2TrackedBlock.cpp; sourceTree = "<group>"; };
		2A1188D71A75D4AA00904499 /* b2TrackedBlock.h */ = {isa = PBXFileReference; fileEncoding = 4; lastKnownFileType = sourcecode.c.h; path = b2TrackedBlock.h; sourceTree = "<group>"; };
		2A1188D91A75D4AA00904499 /* b2Body.cpp */ = {isa = PBXFileReference; fileEncoding = 4; lastKnownFileType = sourcecode.cpp.cpp; path = b2Body.cpp; sourceTree = "<group>"; };
		2A1188DA1A75D4AA00904499 /* b2Body.h */ = {isa = PBXFileReference; fileEncoding = 4; lastKnownFileType = sourcecode.c.h; path = b2Body.h; sourceTree = "<group>"; };
		2A1188DB1A75D4AA00904499 /* b2ContactManager.cpp */ = {isa = PBXFileReference; fileEncoding = 4; lastKnownFileType = sourcecode.cpp.cpp; path = b2ContactManager.cpp; sourceTree = "<group>"; };
		2A1188DC1A75D4AA00904499 /* b2ContactManager.h */ = {isa = PBXFileReference; fileEncoding = 4; lastKnownFileType = sourcecode.c.h; path = b2ContactManager.h; sourceTree = "<group>"; };
		2A1188DD1A75D4AA00904499 /* b2Fixture.cpp */ = {isa = PBXFileReference; fileEncoding = 4; lastKnownFileType = sourcecode.cpp.cpp; path = b2Fixture.cpp; sourceTree = "<group>"; };
		2A1188DE1A75D4AA00904499 /* b2Fixture.h */ = {isa = PBXFileReference; fileEncoding = 4; lastKnownFileType = sourcecode.c.h; path = b2Fixture.h; sourceTree = "<group>"; };
		2A1188DF1A75D4AA00904499 /* b2Island.cpp */ = {isa = PBXFileReference; fileEncoding = 4; lastKnownFileType = sourcecode.cpp.cpp; path = b2Island.cpp; sourceTree = "<group>"; };
		2A1188E01A75D4AA00904499 /* b2Island.h */ = {isa = PBXFileReference; fileEncoding = 4; lastKnownFileType = sourcecode.c.h; path = b2Island.h; sourceTree = "<group>"; };
		2A1188E11A75D4AA00904499 /* b2TimeStep.h */ = {isa = PBXFileReference; fileEncoding = 4; lastKnownFileType = sourcecode.c.h; path = b2TimeStep.h; sourceTree = "<group>"; };
		2A1188E21A75D4AA00904499 /* b2World.cpp */ = {isa = PBXFileReference; fileEncoding = 4; lastKnownFileType = sourcecode.cpp.cpp; path = b2World.cpp; sourceTree = "<group>"; };
		2A1188E31A75D4AA00904499 /* b2World.h */ = {isa = PBXFileReference; fileEncoding = 4; lastKnownFileType = sourcecode.c.h; path = b2World.h; sourceTree = "<group>"; };
		2A1188E41A75D4AA00904499 /* b2WorldCallbacks.cpp */ = {isa = PBXFileReference; fileEncoding = 4; lastKnownFileType = sourcecode.cpp.cpp; path = b2WorldCallbacks.cpp; sourceTree = "<group>"; };
		2A1188E51A75D4AA00904499 /* b2WorldCallbacks.h */ = {isa = PBXFileReference; fileEncoding = 4; lastKnownFileType = sourcecode.c.h; path = b2WorldCallbacks.h; sourceTree = "<group>"; };
		2A1188E71A75D4AA00904499 /* b2ChainAndCircleContact.cpp */ = {isa = PBXFileReference; fileEncoding = 4; lastKnownFileType = sourcecode.cpp.cpp; path = b2ChainAndCircleContact.cpp; sourceTree = "<group>"; };
		2A1188E81A75D4AA00904499 /* b2ChainAndCircleContact.h */ = {isa = PBXFileReference; fileEncoding = 4; lastKnownFileType = sourcecode.c.h; path = b2ChainAndCircleContact.h; sourceTree = "<group>"; };
		2A1188E91A75D4AA00904499 /* b2ChainAndPolygonContact.cpp */ = {isa = PBXFileReference; fileEncoding = 4; lastKnownFileType = sourcecode.cpp.cpp; path = b2ChainAndPolygonContact.cpp; sourceTree = "<group>"; };
		2A1188EA1A75D4AA00904499 /* b2ChainAndPolygonContact.h */ = {isa = PBXFileReference; fileEncoding = 4; lastKnownFileType = sourcecode.c.h; path = b2ChainAndPolygonContact.h; sourceTree = "<group>"; };
		2A1188EB1A75D4AA00904499 /* b2CircleContact.cpp */ = {isa = PBXFileReference; fileEncoding = 4; lastKnownFileType = sourcecode.cpp.cpp; path = b2CircleContact.cpp; sourceTree = "<group>"; };
		2A1188EC1A75D4AA00904499 /* b2CircleContact.h */ = {isa = PBXFileReference; fileEncoding = 4; lastKnownFileType = sourcecode.c.h; path = b2CircleContact.h; sourceTree = "<group>"; };
		2A1188ED1A75D4AA00904499 /* b2Contact.cpp */ = {isa = PBXFileReference; fileEncoding = 4; lastKnownFileType = sourcecode.cpp.cpp; path = b2Contact.cpp; sourceTree = "<group>"; };
		2A1188EE1A75D4AA00904499 /* b2Contact.h */ = {isa = PBXFileReference; fileEncoding = 4; lastKnownFileType = sourcecode.c.h; path = b2Contact.h; sourceTree = "<group>"; };
		2A1188EF1A75D4AA00904499 /* b2ContactSolver.cpp */ = {isa = PBXFileReference; fileEncoding = 4; lastKnownFileType = sourcecode.cpp.cpp; path = b2ContactSolver.cpp; sourceTree = "<group>"; };
		2A1188F01A75D4AA00904499 /* b2ContactSolver.h */ = {isa = PBXFileReference; fileEncoding = 4; lastKnownFileType = sourcecode.c.h; path = b2ContactSolver.h; sourceTree = "<group>"; };
		2A1188F11A75D4AA00904499 /* b2EdgeAndCircleContact.cpp */ = {isa = PBXFileReference; fileEncoding = 4; lastKnownFileType = sourcecode.cpp.cpp; path = b2EdgeAndCircleContact.cpp; sourceTree = "<group>"; };
		2A1188F21A75D4AA00904499 /* b2EdgeAndCircleContact.h */ = {isa = PBXFileReference; fileEncoding = 4; lastKnownFileType = sourcecode.c.h; path = b2EdgeAndCircleContact.h; sourceTree = "<group>"; };
		2A1188F31A75D4AA00904499 /* b2EdgeAndPolygonContact.cpp */ = {isa = PBXFileReference; fileEncoding = 4; lastKnownFileType = sourcecode.cpp.cpp; path = b2EdgeAndPolygonContact.cpp; sourceTree = "<group>"; };
		2A1188F41A75D4AA00904499 /* b2EdgeAndPolygonContact.h */ = {isa = PBXFileReference; fileEncoding = 4; lastKnownFileType = sourcecode.c.h; path = b2EdgeAndPolygonContact.h; sourceTree = "<group>"; };
		2A1188F51A75D4AA00904499 /* b2PolygonAndCircleContact.cpp */ = {isa = PBXFileReference; fileEncoding = 4; lastKnownFileType = sourcecode.cpp.cpp; path = b2PolygonAndCircleContact.cpp; sourceTree = "<group>"; };
		2A1188F61A75D4AA00904499 /* b2PolygonAndCircleContact.h */ = {isa = PBXFileReference; fileEncoding = 4; lastKnownFileType = sourcecode.c.h; path = b2PolygonAndCircleContact.h; sourceTree = "<group>"; };
		2A1188F71A75D4AA00904499 /* b2PolygonContact.cpp */ = {isa = PBXFileReference; fileEncoding = 4; lastKnownFileType = sourcecode.cpp.cpp; path = b2PolygonContact.cpp; sourceTree = "<group>"; };
		2A1188F81A75D4AA00904499 /* b2PolygonContact.h */ = {isa = PBXFileReference; fileEncoding = 4; lastKnownFileType = sourcecode.c.h; path = b2PolygonContact.h; sourceTree = "<group>"; };
		2A1188FA1A75D4AA00904499 /* b2DistanceJoint.cpp */ = {isa = PBXFileReference; fileEncoding = 4; lastKnownFileType = sourcecode.cpp.cpp; path = b2DistanceJoint.cpp; sourceTree = "<group>"; };
		2A1188FB1A75D4AA00904499 /* b2DistanceJoint.h */ = {isa = PBXFileReference; fileEncoding = 4; lastKnownFileType = sourcecode.c.h; path = b2DistanceJoint.h; sourceTree = "<group>"; };
		2A1188FC1A75D4AA00904499 /* b2FrictionJoint.cpp */ = {isa = PBXFileReference; fileEncoding = 4; lastKnownFileType = sourcecode.cpp.cpp; path = b2FrictionJoint.cpp; sourceTree = "<group>"; };
		2A1188FD1A75D4AA00904499 /* b2FrictionJoint.h */ = {isa = PBXFileReference; fileEncoding = 4; lastKnownFileType = sourcecode.c.h; path = b2FrictionJoint.h; sourceTree = "<group>"; };
		2A1188FE1A75D4AA00904499 /* b2GearJoint.cpp */ = {isa = PBXFileReference; fileEncoding = 4; lastKnownFileType = sourcecode.cpp.cpp; path = b2GearJoint.cpp; sourceTree = "<group>"; };
		2A1188FF1A75D4AA00904499 /* b2GearJoint.h */ = {isa = PBXFileReference; fileEncoding = 4; lastKnownFileType = sourcecode.c.h; path = b2GearJoint.h; sourceTree = "<group>"; };
		2A1189001A75D4AA00904499 /* b2Joint.cpp */ = {isa = PBXFileReference; fileEncoding = 4; lastKnownFileType = sourcecode.cpp.cpp; path = b2Joint.cpp; sourceTree = "<group>"; };
		2A1189011A75D4AA00904499 /* b2Joint.h */ = {isa = PBXFileReference; fileEncoding = 4; lastKnownFileType = sourcecode.c.h; path = b2Joint.h; sourceTree = "<group>"; };
		2A1189021A75D4AA00904499 /* b2MotorJoint.cpp */ = {isa = PBXFileReference; fileEncoding = 4; lastKnownFileType = sourcecode.cpp.cpp; path = b2MotorJoint.cpp; sourceTree = "<group>"; };
		2A1189031A75D4AA00904499 /* b2MotorJoint.h */ = {isa = PBXFileReference; fileEncoding = 4; lastKnownFileType = sourcecode.c.h; path = b2MotorJoint.h; sourceTree = "<group>"; };
		2A1189041A75D4AA00904499 /* b2MouseJoint.cpp */ = {isa = PBXFileReference; fileEncoding = 4; lastKnownFileType = sourcecode.cpp.cpp; path = b2MouseJoint.cpp; sourceTree = "<group>"; };
		2A1189051A75D4AA00904499 /* b2MouseJoint.h */ = {isa = PBXFileReference; fileEncoding = 4; lastKnownFileType = sourcecode.c.h; path = b2MouseJoint.h; sourceTree = "<group>"; };
		2A1189061A75D4AA00904499 /* b2PrismaticJoint.cpp */ = {isa = PBXFileReference; fileEncoding = 4; lastKnownFileType = sourcecode.cpp.cpp; path = b2PrismaticJoint.cpp; sourceTree = "<group>"; };
		2A1189071A75D4AA00904499 /* b2PrismaticJoint.h */ = {isa = PBXFileReference; fileEncoding = 4; lastKnownFileType = sourcecode.c.h; path = b2PrismaticJoint.h; sourceTree = "<group>"; };
		2A1189081A75D4AA00904499 /* b2PulleyJoint.cpp */ = {isa = PBXFileReference; fileEncoding = 4; lastKnownFileType = sourcecode.cpp.cpp; path = b2PulleyJoint.cpp; sourceTree = "<group>"; };
		2A1189091A75D4AA00904499 /* b2PulleyJoint.h */ = {isa = PBXFileReference; fileEncoding = 4; lastKnownFileType = sourcecode.c.h; path = b2PulleyJoint.h; sourceTree = "<group>"; };
		2A11890A1A75D4AA00904499 /* b2RevoluteJoint.cpp */ = {isa = PBXFileReference; fileEncoding = 4; lastKnownFileType = sourcecode.cpp.cpp; path = b2RevoluteJoint.cpp; sourceTree = "<group>"; };
		2A11890B1A75D4AA00904499 /* b2RevoluteJoint.h */ = {isa = PBXFileReference; fileEncoding = 4; lastKnownFileType = sourcecode.c.h; path = b2RevoluteJoint.h; sourceTree = "<group>"; };
		2A11890C1A75D4AA00904499 /* b2RopeJoint.cpp */ = {isa = PBXFileReference; fileEncoding = 4; lastKnownFileType = sourcecode.cpp.cpp; path = b2RopeJoint.cpp; sourceTree = "<group>"; };
		2A11890D1A75D4AA00904499 /* b2RopeJoint.h */ = {isa = PBXFileReference; fileEncoding = 4; lastKnownFileType = sourcecode.c.h; path = b2RopeJoint.h; sourceTree = "<group>"; };
		2A11890E1A75D4AA00904499 /* b2WeldJoint.cpp */ = {isa = PBXFileReference; fileEncoding = 4; lastKnownFileType = sourcecode.cpp.cpp; path = b2WeldJoint.cpp; sourceTree = "<group>"; };
		2A11890F1A75D4AA00904499 /* b2WeldJoint.h */ = {isa = PBXFileReference; fileEncoding = 4; lastKnownFileType = sourcecode.c.h; path = b2WeldJoint.h; sourceTree = "<group>"; };
		2A1189101A75D4AA00904499 /* b2WheelJoint.cpp */ = {isa = PBXFileReference; fileEncoding = 4; lastKnownFileType = sourcecode.cpp.cpp; path = b2WheelJoint.cpp; sourceTree = "<group>"; };
		2A1189111A75D4AA00904499 /* b2WheelJoint.h */ = {isa = PBXFileReference; fileEncoding = 4; lastKnownFileType = sourcecode.c.h; path = b2WheelJoint.h; sourceTree = "<group>"; };
		2A1189131A75D4AA00904499 /* b2Particle.cpp */ = {isa = PBXFileReference; fileEncoding = 4; lastKnownFileType = sourcecode.cpp.cpp; path = b2Particle.cpp; sourceTree = "<group>"; };
		2A1189141A75D4AA00904499 /* b2Particle.h */ = {isa = PBXFileReference; fileEncoding = 4; lastKnownFileType = sourcecode.c.h; path = b2Particle.h; sourceTree = "<group>"; };
		2A1189151A75D4AA00904499 /* b2ParticleAssembly.cpp */ = {isa = PBXFileReference; fileEncoding = 4; lastKnownFileType = sourcecode.cpp.cpp; path = b2ParticleAssembly.cpp; sourceTree = "<group>"; };
		2A1189161A75D4AA00904499 /* b2ParticleAssembly.h */ = {isa = PBXFileReference; fileEncoding = 4; lastKnownFileType = sourcecode.c.h; path = b2ParticleAssembly.h; sourceTree = "<group>"; };
		2A1189171A75D4AA00904499 /* b2ParticleGroup.cpp */ = {isa = PBXFileReference; fileEncoding = 4; lastKnownFileType = sourcecode.cpp.cpp; path = b2ParticleGroup.cpp; sourceTree = "<group>"; };
		2A1189181A75D4AA00904499 /* b2ParticleGroup.h */ = {isa = PBXFileReference; fileEncoding = 4; lastKnownFileType = sourcecode.c.h; path = b2ParticleGroup.h; sourceTree = "<group>"; };
		2A1189191A75D4AA00904499 /* b2ParticleSystem.cpp */ = {isa = PBXFileReference; fileEncoding = 4; lastKnownFileType = sourcecode.cpp.cpp; path = b2ParticleSystem.cpp; sourceTree = "<group>"; };
		2A11891A1A75D4AA00904499 /* b2ParticleSystem.h */ = {isa = PBXFileReference; fileEncoding = 4; lastKnownFileType = sourcecode.c.h; path = b2ParticleSystem.h; sourceTree = "<group>"; };
		2A11891B1A75D4AA00904499 /* b2StackQueue.h */ = {isa = PBXFileReference; fileEncoding = 4; lastKnownFileType = sourcecode.c.h; path = b2StackQueue.h; sourceTree = "<group>"; };
		2A11891C1A75D4AA00904499 /* b2VoronoiDiagram.cpp */ = {isa = PBXFileReference; fileEncoding = 4; lastKnownFileType = sourcecode.cpp.cpp; path = b2VoronoiDiagram.cpp; sourceTree = "<group>"; };
		2A11891D1A75D4AA00904499 /* b2VoronoiDiagram.h */ = {isa = PBXFileReference; fileEncoding = 4; lastKnownFileType = sourcecode.c.h; path = b2VoronoiDiagram.h; sourceTree = "<group>"; };
		2A11891F1A75D4AA00904499 /* b2Rope.cpp */ = {isa = PBXFileReference; fileEncoding = 4; lastKnownFileType = sourcecode.cpp.cpp; path = b2Rope.cpp; sourceTree = "<group>"; };
		2A1189201A75D4AA00904499 /* b2Rope.h */ = {isa = PBXFileReference; fileEncoding = 4; lastKnownFileType = sourcecode.c.h; path = b2Rope.h; sourceTree = "<group>"; };
		2A1189221A75D4AA00904499 /* assert.hpp */ = {isa = PBXFileReference; fileEncoding = 4; lastKnownFileType = sourcecode.cpp.h; path = assert.hpp; sourceTree = "<group>"; };
		2A1189231A75D4AA00904499 /* del_impl.cpp */ = {isa = PBXFileReference; fileEncoding = 4; lastKnownFileType = sourcecode.cpp.cpp; path = del_impl.cpp; sourceTree = "<group>"; };
		2A1189241A75D4AA00904499 /* del_interface.hpp */ = {isa = PBXFileReference; fileEncoding = 4; lastKnownFileType = sourcecode.cpp.h; path = del_interface.hpp; sourceTree = "<group>"; };
		2A1189251A75D4AA00904499 /* dpoint.hpp */ = {isa = PBXFileReference; fileEncoding = 4; lastKnownFileType = sourcecode.cpp.h; path = dpoint.hpp; sourceTree = "<group>"; };
		2A1189261A75D4AA00904499 /* triangle.h */ = {isa = PBXFileReference; fileEncoding = 4; lastKnownFileType = sourcecode.c.h; path = triangle.h; sourceTree = "<group>"; };
		2A1189271A75D4AA00904499 /* triangle_impl.hpp */ = {isa = PBXFileReference; fileEncoding = 4; lastKnownFileType = sourcecode.cpp.h; path = triangle_impl.hpp; sourceTree = "<group>"; };
		2A11892D1A75D4AA00904499 /* ofxBox2d.cpp */ = {isa = PBXFileReference; fileEncoding = 4; lastKnownFileType = sourcecode.cpp.cpp; path = ofxBox2d.cpp; sourceTree = "<group>"; };
		2A11892E1A75D4AA00904499 /* ofxBox2d.h */ = {isa = PBXFileReference; fileEncoding = 4; lastKnownFileType = sourcecode.c.h; path = ofxBox2d.h; sourceTree = "<group>"; };
		2A11892F1A75D4AA00904499 /* ofxBox2dBaseShape.cpp */ = {isa = PBXFileReference; fileEncoding = 4; lastKnownFileType = sourcecode.cpp.cpp; path = ofxBox2dBaseShape.cpp; sourceTree = "<group>"; };
		2A1189301A75D4AA00904499 /* ofxBox2dBaseShape.h */ = {isa = PBXFileReference; fileEncoding = 4; lastKnownFileType = sourcecode.c.h; path = ofxBox2dBaseShape.h; sourceTree = "<group>"; };
		2A1189311A75D4AA00904499 /* ofxBox2dCircle.cpp */ = {isa = PBXFileReference; fileEncoding = 4; lastKnownFileType = sourcecode.cpp.cpp; path = ofxBox2dCircle.cpp; sourceTree = "<group>"; };
		2A1189321A75D4AA00904499 /* ofxBox2dCircle.h */ = {isa = PBXFileReference; fileEncoding = 4; lastKnownFileType = sourcecode.c.h; path = ofxBox2dCircle.h; sourceTree = "<group>"; };
		2A1189331A75D4AA00904499 /* ofxBox2dContactListener.h */ = {isa = PBXFileReference; fileEncoding = 4; lastKnownFileType = sourcecode.c.h; path = ofxBox2dContactListener.h; sourceTree = "<group>"; };
		2A1189341A75D4AA00904499 /* ofxBox2dEdge.cpp */ = {isa = PBXFileReference; fileEncoding = 4; lastKnownFileType = sourcecode.cpp.cpp; path = ofxBox2dEdge.cpp; sourceTree = "<group>"; };
		2A1189351A75D4AA00904499 /* ofxBox2dEdge.h */ = {isa = PBXFileReference; fileEncoding = 4; lastKnownFileType = sourcecode.c.h; path = ofxBox2dEdge.h; sourceTree = "<group>"; };
		2A1189361A75D4AA00904499 /* ofxBox2dJoint.cpp */ = {isa = PBXFileReference; fileEncoding = 4; lastKnownFileType = sourcecode.cpp.cpp; path = ofxBox2dJoint.cpp; sourceTree = "<group>"; };
		2A1189371A75D4AA00904499 /* ofxBox2dJoint.h */ = {isa = PBXFileReference; fileEncoding = 4; lastKnownFileType = sourcecode.c.h; path = ofxBox2dJoint.h; sourceTree = "<group>"; };
		2A1189381A75D4AA00904499 /* ofxBox2dParticleSystem.cpp */ = {isa = PBXFileReference; fileEncoding = 4; lastKnownFileType = sourcecode.cpp.cpp; path = ofxBox2dParticleSystem.cpp; sourceTree = "<group>"; };
		2A1189391A75D4AA00904499 /* ofxBox2dParticleSystem.h */ = {isa = PBXFileReference; fileEncoding = 4; lastKnownFileType = sourcecode.c.h; path = ofxBox2dParticleSystem.h; sourceTree = "<group>"; };
		2A11893A1A75D4AA00904499 /* ofxBox2dPolygon.cpp */ = {isa = PBXFileReference; fileEncoding = 4; lastKnownFileType = sourcecode.cpp.cpp; path = ofxBox2dPolygon.cpp; sourceTree = "<group>"; };
		2A11893B1A75D4AA00904499 /* ofxBox2dPolygon.h */ = {isa = PBXFileReference; fileEncoding = 4; lastKnownFileType = sourcecode.c.h; path = ofxBox2dPolygon.h; sourceTree = "<group>"; };
		2A11893C1A75D4AA00904499 /* ofxBox2dPolygonUtils.h */ = {isa = PBXFileReference; fileEncoding = 4; lastKnownFileType = sourcecode.c.h; path = ofxBox2dPolygonUtils.h; sourceTree = "<group>"; };
		2A11893D1A75D4AA00904499 /* ofxBox2dRect.cpp */ = {isa = PBXFileReference; fileEncoding = 4; lastKnownFileType = sourcecode.cpp.cpp; path = ofxBox2dRect.cpp; sourceTree = "<group>"; };
		2A11893E1A75D4AA00904499 /* ofxBox2dRect.h */ = {isa = PBXFileReference; fileEncoding = 4; lastKnownFileType = sourcecode.c.h; path = ofxBox2dRect.h; sourceTree = "<group>"; };
		2A11893F1A75D4AA00904499 /* ofxBox2dRender.h */ = {isa = PBXFileReference; fileEncoding = 4; lastKnownFileType = sourcecode.c.h; path = ofxBox2dRender.h; sourceTree = "<group>"; };
		2A1189401A75D4AA00904499 /* ofxBox2dUtils.h */ = {isa = PBXFileReference; fileEncoding = 4; lastKnownFileType = sourcecode.c.h; path = ofxBox2dUtils.h; sourceTree = "<group>"; };
		2A1189411A75D4AA00904499 /* ofxLiquidFun.h */ = {isa = PBXFileReference; fileEncoding = 4; lastKnownFileType = sourcecode.c.h; path = ofxLiquidFun.h; sourceTree = "<group>"; };
		2A1189BB1A75F1D000904499 /* Resources.cpp */ = {isa = PBXFileReference; fileEncoding = 4; lastKnownFileType = sourcecode.cpp.cpp; path = Resources.cpp; sourceTree = "<group>"; };
		2A1189BC1A75F1D000904499 /* Resources.h */ = {isa = PBXFileReference; fileEncoding = 4; lastKnownFileType = sourcecode.c.h; path = Resources.h; sourceTree = "<group>"; };
		2A1189E21A79D19200904499 /* tree.h */ = {isa = PBXFileReference; fileEncoding = 4; lastKnownFileType = sourcecode.c.h; path = tree.h; sourceTree = "<group>"; };
		2A1189E61A79D19200904499 /* ofxTimeMeasurements.cpp */ = {isa = PBXFileReference; fileEncoding = 4; lastKnownFileType = sourcecode.cpp.cpp; path = ofxTimeMeasurements.cpp; sourceTree = "<group>"; };
		2A1189E71A79D19200904499 /* ofxTimeMeasurements.h */ = {isa = PBXFileReference; fileEncoding = 4; lastKnownFileType = sourcecode.c.h; path = ofxTimeMeasurements.h; sourceTree = "<group>"; };
		2AC525C21A7C80EC00F28BC0 /* TreeNode.cpp */ = {isa = PBXFileReference; fileEncoding = 4; lastKnownFileType = sourcecode.cpp.cpp; path = TreeNode.cpp; sourceTree = "<group>"; };
		2AC525C31A7C80EC00F28BC0 /* TreeNode.h */ = {isa = PBXFileReference; fileEncoding = 4; lastKnownFileType = sourcecode.c.h; path = TreeNode.h; sourceTree = "<group>"; };
		2AC525C51A7C811300F28BC0 /* JointsTree.cpp */ = {isa = PBXFileReference; fileEncoding = 4; lastKnownFileType = sourcecode.cpp.cpp; path = JointsTree.cpp; sourceTree = "<group>"; };
		2AC525C61A7C811300F28BC0 /* JointsTree.h */ = {isa = PBXFileReference; fileEncoding = 4; lastKnownFileType = sourcecode.c.h; path = JointsTree.h; sourceTree = "<group>"; };
		2AE242FD1A8075EE00515318 /* ofxBox2dRevoluteJoint.cpp */ = {isa = PBXFileReference; fileEncoding = 4; lastKnownFileType = sourcecode.cpp.cpp; path = ofxBox2dRevoluteJoint.cpp; sourceTree = "<group>"; };
		2AE242FE1A8075EE00515318 /* ofxBox2dRevoluteJoint.h */ = {isa = PBXFileReference; fileEncoding = 4; lastKnownFileType = sourcecode.c.h; path = ofxBox2dRevoluteJoint.h; sourceTree = "<group>"; };
		32CA4F630368D1EE00C91783 /* ofxiOS_Prefix.pch */ = {isa = PBXFileReference; fileEncoding = 4; lastKnownFileType = sourcecode.c.h; path = ofxiOS_Prefix.pch; sourceTree = "<group>"; };
		5326AEA710A23A0500278DE6 /* CoreLocation.framework */ = {isa = PBXFileReference; lastKnownFileType = wrapper.framework; name = CoreLocation.framework; path = System/Library/Frameworks/CoreLocation.framework; sourceTree = SDKROOT; };
		53F323EA10A20EDB00E0DAE4 /* OpenAL.framework */ = {isa = PBXFileReference; lastKnownFileType = wrapper.framework; name = OpenAL.framework; path = System/Library/Frameworks/OpenAL.framework; sourceTree = SDKROOT; };
		678E130717951530005B6D19 /* Icon@2x.png */ = {isa = PBXFileReference; lastKnownFileType = image.png; name = "Icon@2x.png"; path = "bin/data/Icon@2x.png"; sourceTree = "<group>"; };
		678E130917951536005B6D19 /* Icon.png */ = {isa = PBXFileReference; lastKnownFileType = image.png; name = Icon.png; path = bin/data/Icon.png; sourceTree = "<group>"; };
		678E130B1795153C005B6D19 /* Default.png */ = {isa = PBXFileReference; lastKnownFileType = image.png; name = Default.png; path = bin/data/Default.png; sourceTree = "<group>"; };
		678E130D17951540005B6D19 /* Default@2x.png */ = {isa = PBXFileReference; lastKnownFileType = image.png; name = "Default@2x.png"; path = "bin/data/Default@2x.png"; sourceTree = "<group>"; };
		678E130F17951549005B6D19 /* Default-568h@2x~iphone.png */ = {isa = PBXFileReference; lastKnownFileType = image.png; name = "Default-568h@2x~iphone.png"; path = "bin/data/Default-568h@2x~iphone.png"; sourceTree = "<group>"; };
		67DFA53419F92A5E003B3434 /* Accelerate.framework */ = {isa = PBXFileReference; lastKnownFileType = wrapper.framework; name = Accelerate.framework; path = System/Library/Frameworks/Accelerate.framework; sourceTree = SDKROOT; };
		BB16EBD10F2B2A9500518274 /* OpenGLES.framework */ = {isa = PBXFileReference; lastKnownFileType = wrapper.framework; name = OpenGLES.framework; path = System/Library/Frameworks/OpenGLES.framework; sourceTree = SDKROOT; };
		BB16EBD80F2B2AB500518274 /* QuartzCore.framework */ = {isa = PBXFileReference; lastKnownFileType = wrapper.framework; name = QuartzCore.framework; path = System/Library/Frameworks/QuartzCore.framework; sourceTree = SDKROOT; };
		BB24DDC910DA781C00E9C588 /* ofxiOS-Info.plist */ = {isa = PBXFileReference; fileEncoding = 4; lastKnownFileType = text.plist.xml; path = "ofxiOS-Info.plist"; sourceTree = "<group>"; };
		BBE5EAB70F49AD8400F28951 /* AudioToolbox.framework */ = {isa = PBXFileReference; lastKnownFileType = wrapper.framework; name = AudioToolbox.framework; path = System/Library/Frameworks/AudioToolbox.framework; sourceTree = SDKROOT; };
		E41D3ED613B38FB500A75A5D /* Project.xcconfig */ = {isa = PBXFileReference; fileEncoding = 4; lastKnownFileType = text.xcconfig; path = Project.xcconfig; sourceTree = "<group>"; };
		E41D3EE513B3906D00A75A5D /* CoreOF.xcconfig */ = {isa = PBXFileReference; fileEncoding = 4; lastKnownFileType = text.xcconfig; name = CoreOF.xcconfig; path = ../../OF/libs/openFrameworksCompiled/project/ios/CoreOF.xcconfig; sourceTree = SOURCE_ROOT; };
		E41D400613B39D2100A75A5D /* AVFoundation.framework */ = {isa = PBXFileReference; lastKnownFileType = wrapper.framework; name = AVFoundation.framework; path = System/Library/Frameworks/AVFoundation.framework; sourceTree = SDKROOT; };
		E41D400713B39D2100A75A5D /* CoreMedia.framework */ = {isa = PBXFileReference; lastKnownFileType = wrapper.framework; name = CoreMedia.framework; path = System/Library/Frameworks/CoreMedia.framework; sourceTree = SDKROOT; };
		E41D400813B39D2100A75A5D /* CoreVideo.framework */ = {isa = PBXFileReference; lastKnownFileType = wrapper.framework; name = CoreVideo.framework; path = System/Library/Frameworks/CoreVideo.framework; sourceTree = SDKROOT; };
		E41D400913B39D2100A75A5D /* MapKit.framework */ = {isa = PBXFileReference; lastKnownFileType = wrapper.framework; name = MapKit.framework; path = System/Library/Frameworks/MapKit.framework; sourceTree = SDKROOT; };
		E41D40FD13B3A0D800A75A5D /* iOS+OFLib.xcodeproj */ = {isa = PBXFileReference; lastKnownFileType = "wrapper.pb-project"; name = "iOS+OFLib.xcodeproj"; path = "../../OF/libs/openFrameworksCompiled/project/ios/iOS+OFLib.xcodeproj"; sourceTree = SOURCE_ROOT; };
		E4A823A312561BE3002F86A2 /* CoreGraphics.framework */ = {isa = PBXFileReference; lastKnownFileType = wrapper.framework; name = CoreGraphics.framework; path = System/Library/Frameworks/CoreGraphics.framework; sourceTree = SDKROOT; };
		E4D8936B11527B74007E1F53 /* main.mm */ = {isa = PBXFileReference; fileEncoding = 4; lastKnownFileType = sourcecode.cpp.objcpp; name = main.mm; path = src/main.mm; sourceTree = SOURCE_ROOT; };
		E4D8936C11527B74007E1F53 /* ofApp.h */ = {isa = PBXFileReference; fileEncoding = 4; lastKnownFileType = sourcecode.c.h; name = ofApp.h; path = src/ofApp.h; sourceTree = SOURCE_ROOT; };
		E4D8936D11527B74007E1F53 /* ofApp.mm */ = {isa = PBXFileReference; fileEncoding = 4; lastKnownFileType = sourcecode.cpp.objcpp; name = ofApp.mm; path = src/ofApp.mm; sourceTree = SOURCE_ROOT; };
/* End PBXFileReference section */

/* Begin PBXFrameworksBuildPhase section */
		1D60588F0D05DD3D006BFB54 /* Frameworks */ = {
			isa = PBXFrameworksBuildPhase;
			buildActionMask = 2147483647;
			files = (
				E41D421413B3A95300A75A5D /* libofxiOS_iphoneos_Debug.a in Frameworks */,
				1D60589F0D05DD5A006BFB54 /* Foundation.framework in Frameworks */,
				1DF5F4E00D08C38300B7A737 /* UIKit.framework in Frameworks */,
				288765FD0DF74451002DB57D /* CoreGraphics.framework in Frameworks */,
				BB16EBD20F2B2A9500518274 /* OpenGLES.framework in Frameworks */,
				BB16EBD90F2B2AB500518274 /* QuartzCore.framework in Frameworks */,
				BBE5EAB80F49AD8400F28951 /* AudioToolbox.framework in Frameworks */,
				53F323EB10A20EDB00E0DAE4 /* OpenAL.framework in Frameworks */,
				5326AEA810A23A0500278DE6 /* CoreLocation.framework in Frameworks */,
				E41D400B13B39D2100A75A5D /* AVFoundation.framework in Frameworks */,
				E41D400C13B39D2100A75A5D /* CoreMedia.framework in Frameworks */,
				E41D400D13B39D2100A75A5D /* CoreVideo.framework in Frameworks */,
				E41D400E13B39D2100A75A5D /* MapKit.framework in Frameworks */,
				67DFA53619F92A69003B3434 /* Accelerate.framework in Frameworks */,
			);
			runOnlyForDeploymentPostprocessing = 0;
		};
/* End PBXFrameworksBuildPhase section */

/* Begin PBXGroup section */
		19C28FACFE9D520D11CA2CBB /* Products */ = {
			isa = PBXGroup;
			children = (
				1D6058910D05DD3D006BFB54 /* liquidfun.app */,
			);
			name = Products;
			sourceTree = "<group>";
		};
		29B97314FDCFA39411CA2CEA /* CustomTemplate */ = {
			isa = PBXGroup;
			children = (
				678E130917951536005B6D19 /* Icon.png */,
				678E130717951530005B6D19 /* Icon@2x.png */,
				678E130B1795153C005B6D19 /* Default.png */,
				678E130D17951540005B6D19 /* Default@2x.png */,
				678E130F17951549005B6D19 /* Default-568h@2x~iphone.png */,
				E4D8936A11527B74007E1F53 /* src */,
				BB24E1F710DAA51900E9C588 /* openFrameworks */,
				BB16F26B0F2B646B00518274 /* addons */,
				BB16E9930F2B1E5900518274 /* libs */,
				19C28FACFE9D520D11CA2CBB /* Products */,
			);
			name = CustomTemplate;
			sourceTree = "<group>";
		};
		29B97323FDCFA39411CA2CEA /* core frameworks */ = {
			isa = PBXGroup;
			children = (
				E41D400613B39D2100A75A5D /* AVFoundation.framework */,
				E41D400713B39D2100A75A5D /* CoreMedia.framework */,
				E41D400813B39D2100A75A5D /* CoreVideo.framework */,
				E41D400913B39D2100A75A5D /* MapKit.framework */,
				53F323EA10A20EDB00E0DAE4 /* OpenAL.framework */,
				E4A823A312561BE3002F86A2 /* CoreGraphics.framework */,
				BBE5EAB70F49AD8400F28951 /* AudioToolbox.framework */,
				BB16EBD80F2B2AB500518274 /* QuartzCore.framework */,
				BB16EBD10F2B2A9500518274 /* OpenGLES.framework */,
				1DF5F4DF0D08C38300B7A737 /* UIKit.framework */,
				1D30AB110D05D00D00671497 /* Foundation.framework */,
				288765FC0DF74451002DB57D /* CoreGraphics.framework */,
				5326AEA710A23A0500278DE6 /* CoreLocation.framework */,
				67DFA53419F92A5E003B3434 /* Accelerate.framework */,
			);
			name = "core frameworks";
			sourceTree = "<group>";
		};
		2A1188421A75D49800904499 /* ofxUINode */ = {
			isa = PBXGroup;
			children = (
				2A1188431A75D49800904499 /* .gitignore */,
				2A1188441A75D49800904499 /* README.md */,
				2A1188451A75D49800904499 /* src */,
			);
			name = ofxUINode;
			path = ../../external_addons/ofxUINode;
			sourceTree = "<group>";
		};
		2A1188451A75D49800904499 /* src */ = {
			isa = PBXGroup;
			children = (
				2A1188461A75D49800904499 /* components */,
				2A11884B1A75D49800904499 /* ofxUINode.cpp */,
				2A11884C1A75D49800904499 /* ofxUINode.h */,
				2A11884D1A75D49800904499 /* TouchEvent.cpp */,
				2A11884E1A75D49800904499 /* TouchEvent.h */,
				2A11884F1A75D49800904499 /* TouchManager.cpp */,
				2A1188501A75D49800904499 /* TouchManager.h */,
			);
			path = src;
			sourceTree = "<group>";
		};
		2A1188461A75D49800904499 /* components */ = {
			isa = PBXGroup;
			children = (
				2A1188471A75D49800904499 /* BitmapTextButton.cpp */,
				2A1188481A75D49800904499 /* BitmapTextButton.h */,
				2A1188491A75D49800904499 /* TextureButton.cpp */,
				2A11884A1A75D49800904499 /* TextureButton.h */,
			);
			path = components;
			sourceTree = "<group>";
		};
		2A1188581A75D4A000904499 /* ofxSpriteSheet */ = {
			isa = PBXGroup;
			children = (
				2A1188591A75D4A000904499 /* .gitignore */,
				2A11885A1A75D4A000904499 /* README.md */,
				2A11885B1A75D4A000904499 /* src */,
			);
			name = ofxSpriteSheet;
			path = ../../external_addons/ofxSpriteSheet;
			sourceTree = "<group>";
		};
		2A11885B1A75D4A000904499 /* src */ = {
			isa = PBXGroup;
			children = (
				2A11885C1A75D4A000904499 /* ofxSprite.cpp */,
				2A11885D1A75D4A000904499 /* ofxSprite.h */,
			);
			path = src;
			sourceTree = "<group>";
		};
		2A1188611A75D4AA00904499 /* ofxLiquidFun */ = {
			isa = PBXGroup;
			children = (
				2A1188A61A75D4AA00904499 /* libs */,
				2A11892C1A75D4AA00904499 /* src */,
			);
			name = ofxLiquidFun;
			path = ../../external_addons/ofxLiquidFun;
			sourceTree = "<group>";
		};
		2A1188A61A75D4AA00904499 /* libs */ = {
			isa = PBXGroup;
			children = (
				2A1188A71A75D4AA00904499 /* Box2D */,
				2A1189211A75D4AA00904499 /* triangle */,
			);
			path = libs;
			sourceTree = "<group>";
		};
		2A1188A71A75D4AA00904499 /* Box2D */ = {
			isa = PBXGroup;
			children = (
				2A1188A81A75D4AA00904499 /* Box2D.h */,
				2A1188A91A75D4AA00904499 /* Collision */,
				2A1188C11A75D4AA00904499 /* Common */,
				2A1188D81A75D4AA00904499 /* Dynamics */,
				2A1189121A75D4AA00904499 /* Particle */,
				2A11891E1A75D4AA00904499 /* Rope */,
			);
			path = Box2D;
			sourceTree = "<group>";
		};
		2A1188A91A75D4AA00904499 /* Collision */ = {
			isa = PBXGroup;
			children = (
				2A1188AA1A75D4AA00904499 /* b2BroadPhase.cpp */,
				2A1188AB1A75D4AA00904499 /* b2BroadPhase.h */,
				2A1188AC1A75D4AA00904499 /* b2CollideCircle.cpp */,
				2A1188AD1A75D4AA00904499 /* b2CollideEdge.cpp */,
				2A1188AE1A75D4AA00904499 /* b2CollidePolygon.cpp */,
				2A1188AF1A75D4AA00904499 /* b2Collision.cpp */,
				2A1188B01A75D4AA00904499 /* b2Collision.h */,
				2A1188B11A75D4AA00904499 /* b2Distance.cpp */,
				2A1188B21A75D4AA00904499 /* b2Distance.h */,
				2A1188B31A75D4AA00904499 /* b2DynamicTree.cpp */,
				2A1188B41A75D4AA00904499 /* b2DynamicTree.h */,
				2A1188B51A75D4AA00904499 /* b2TimeOfImpact.cpp */,
				2A1188B61A75D4AA00904499 /* b2TimeOfImpact.h */,
				2A1188B71A75D4AA00904499 /* Shapes */,
			);
			path = Collision;
			sourceTree = "<group>";
		};
		2A1188B71A75D4AA00904499 /* Shapes */ = {
			isa = PBXGroup;
			children = (
				2A1188B81A75D4AA00904499 /* b2ChainShape.cpp */,
				2A1188B91A75D4AA00904499 /* b2ChainShape.h */,
				2A1188BA1A75D4AA00904499 /* b2CircleShape.cpp */,
				2A1188BB1A75D4AA00904499 /* b2CircleShape.h */,
				2A1188BC1A75D4AA00904499 /* b2EdgeShape.cpp */,
				2A1188BD1A75D4AA00904499 /* b2EdgeShape.h */,
				2A1188BE1A75D4AA00904499 /* b2PolygonShape.cpp */,
				2A1188BF1A75D4AA00904499 /* b2PolygonShape.h */,
				2A1188C01A75D4AA00904499 /* b2Shape.h */,
			);
			path = Shapes;
			sourceTree = "<group>";
		};
		2A1188C11A75D4AA00904499 /* Common */ = {
			isa = PBXGroup;
			children = (
				2A1188C21A75D4AA00904499 /* b2BlockAllocator.cpp */,
				2A1188C31A75D4AA00904499 /* b2BlockAllocator.h */,
				2A1188C41A75D4AA00904499 /* b2Draw.cpp */,
				2A1188C51A75D4AA00904499 /* b2Draw.h */,
				2A1188C61A75D4AA00904499 /* b2FreeList.cpp */,
				2A1188C71A75D4AA00904499 /* b2FreeList.h */,
				2A1188C81A75D4AA00904499 /* b2GrowableBuffer.h */,
				2A1188C91A75D4AA00904499 /* b2GrowableStack.h */,
				2A1188CA1A75D4AA00904499 /* b2IntrusiveList.h */,
				2A1188CB1A75D4AA00904499 /* b2Math.cpp */,
				2A1188CC1A75D4AA00904499 /* b2Math.h */,
				2A1188CD1A75D4AA00904499 /* b2Settings.cpp */,
				2A1188CE1A75D4AA00904499 /* b2Settings.h */,
				2A1188CF1A75D4AA00904499 /* b2SlabAllocator.h */,
				2A1188D01A75D4AA00904499 /* b2StackAllocator.cpp */,
				2A1188D11A75D4AA00904499 /* b2StackAllocator.h */,
				2A1188D21A75D4AA00904499 /* b2Stat.cpp */,
				2A1188D31A75D4AA00904499 /* b2Stat.h */,
				2A1188D41A75D4AA00904499 /* b2Timer.cpp */,
				2A1188D51A75D4AA00904499 /* b2Timer.h */,
				2A1188D61A75D4AA00904499 /* b2TrackedBlock.cpp */,
				2A1188D71A75D4AA00904499 /* b2TrackedBlock.h */,
			);
			path = Common;
			sourceTree = "<group>";
		};
		2A1188D81A75D4AA00904499 /* Dynamics */ = {
			isa = PBXGroup;
			children = (
				2A1188D91A75D4AA00904499 /* b2Body.cpp */,
				2A1188DA1A75D4AA00904499 /* b2Body.h */,
				2A1188DB1A75D4AA00904499 /* b2ContactManager.cpp */,
				2A1188DC1A75D4AA00904499 /* b2ContactManager.h */,
				2A1188DD1A75D4AA00904499 /* b2Fixture.cpp */,
				2A1188DE1A75D4AA00904499 /* b2Fixture.h */,
				2A1188DF1A75D4AA00904499 /* b2Island.cpp */,
				2A1188E01A75D4AA00904499 /* b2Island.h */,
				2A1188E11A75D4AA00904499 /* b2TimeStep.h */,
				2A1188E21A75D4AA00904499 /* b2World.cpp */,
				2A1188E31A75D4AA00904499 /* b2World.h */,
				2A1188E41A75D4AA00904499 /* b2WorldCallbacks.cpp */,
				2A1188E51A75D4AA00904499 /* b2WorldCallbacks.h */,
				2A1188E61A75D4AA00904499 /* Contacts */,
				2A1188F91A75D4AA00904499 /* Joints */,
			);
			path = Dynamics;
			sourceTree = "<group>";
		};
		2A1188E61A75D4AA00904499 /* Contacts */ = {
			isa = PBXGroup;
			children = (
				2A1188E71A75D4AA00904499 /* b2ChainAndCircleContact.cpp */,
				2A1188E81A75D4AA00904499 /* b2ChainAndCircleContact.h */,
				2A1188E91A75D4AA00904499 /* b2ChainAndPolygonContact.cpp */,
				2A1188EA1A75D4AA00904499 /* b2ChainAndPolygonContact.h */,
				2A1188EB1A75D4AA00904499 /* b2CircleContact.cpp */,
				2A1188EC1A75D4AA00904499 /* b2CircleContact.h */,
				2A1188ED1A75D4AA00904499 /* b2Contact.cpp */,
				2A1188EE1A75D4AA00904499 /* b2Contact.h */,
				2A1188EF1A75D4AA00904499 /* b2ContactSolver.cpp */,
				2A1188F01A75D4AA00904499 /* b2ContactSolver.h */,
				2A1188F11A75D4AA00904499 /* b2EdgeAndCircleContact.cpp */,
				2A1188F21A75D4AA00904499 /* b2EdgeAndCircleContact.h */,
				2A1188F31A75D4AA00904499 /* b2EdgeAndPolygonContact.cpp */,
				2A1188F41A75D4AA00904499 /* b2EdgeAndPolygonContact.h */,
				2A1188F51A75D4AA00904499 /* b2PolygonAndCircleContact.cpp */,
				2A1188F61A75D4AA00904499 /* b2PolygonAndCircleContact.h */,
				2A1188F71A75D4AA00904499 /* b2PolygonContact.cpp */,
				2A1188F81A75D4AA00904499 /* b2PolygonContact.h */,
			);
			path = Contacts;
			sourceTree = "<group>";
		};
		2A1188F91A75D4AA00904499 /* Joints */ = {
			isa = PBXGroup;
			children = (
				2A1188FA1A75D4AA00904499 /* b2DistanceJoint.cpp */,
				2A1188FB1A75D4AA00904499 /* b2DistanceJoint.h */,
				2A1188FC1A75D4AA00904499 /* b2FrictionJoint.cpp */,
				2A1188FD1A75D4AA00904499 /* b2FrictionJoint.h */,
				2A1188FE1A75D4AA00904499 /* b2GearJoint.cpp */,
				2A1188FF1A75D4AA00904499 /* b2GearJoint.h */,
				2A1189001A75D4AA00904499 /* b2Joint.cpp */,
				2A1189011A75D4AA00904499 /* b2Joint.h */,
				2A1189021A75D4AA00904499 /* b2MotorJoint.cpp */,
				2A1189031A75D4AA00904499 /* b2MotorJoint.h */,
				2A1189041A75D4AA00904499 /* b2MouseJoint.cpp */,
				2A1189051A75D4AA00904499 /* b2MouseJoint.h */,
				2A1189061A75D4AA00904499 /* b2PrismaticJoint.cpp */,
				2A1189071A75D4AA00904499 /* b2PrismaticJoint.h */,
				2A1189081A75D4AA00904499 /* b2PulleyJoint.cpp */,
				2A1189091A75D4AA00904499 /* b2PulleyJoint.h */,
				2A11890A1A75D4AA00904499 /* b2RevoluteJoint.cpp */,
				2A11890B1A75D4AA00904499 /* b2RevoluteJoint.h */,
				2A11890C1A75D4AA00904499 /* b2RopeJoint.cpp */,
				2A11890D1A75D4AA00904499 /* b2RopeJoint.h */,
				2A11890E1A75D4AA00904499 /* b2WeldJoint.cpp */,
				2A11890F1A75D4AA00904499 /* b2WeldJoint.h */,
				2A1189101A75D4AA00904499 /* b2WheelJoint.cpp */,
				2A1189111A75D4AA00904499 /* b2WheelJoint.h */,
			);
			path = Joints;
			sourceTree = "<group>";
		};
		2A1189121A75D4AA00904499 /* Particle */ = {
			isa = PBXGroup;
			children = (
				2A1189131A75D4AA00904499 /* b2Particle.cpp */,
				2A1189141A75D4AA00904499 /* b2Particle.h */,
				2A1189151A75D4AA00904499 /* b2ParticleAssembly.cpp */,
				2A1189161A75D4AA00904499 /* b2ParticleAssembly.h */,
				2A1189171A75D4AA00904499 /* b2ParticleGroup.cpp */,
				2A1189181A75D4AA00904499 /* b2ParticleGroup.h */,
				2A1189191A75D4AA00904499 /* b2ParticleSystem.cpp */,
				2A11891A1A75D4AA00904499 /* b2ParticleSystem.h */,
				2A11891B1A75D4AA00904499 /* b2StackQueue.h */,
				2A11891C1A75D4AA00904499 /* b2VoronoiDiagram.cpp */,
				2A11891D1A75D4AA00904499 /* b2VoronoiDiagram.h */,
			);
			path = Particle;
			sourceTree = "<group>";
		};
		2A11891E1A75D4AA00904499 /* Rope */ = {
			isa = PBXGroup;
			children = (
				2A11891F1A75D4AA00904499 /* b2Rope.cpp */,
				2A1189201A75D4AA00904499 /* b2Rope.h */,
			);
			path = Rope;
			sourceTree = "<group>";
		};
		2A1189211A75D4AA00904499 /* triangle */ = {
			isa = PBXGroup;
			children = (
				2A1189221A75D4AA00904499 /* assert.hpp */,
				2A1189231A75D4AA00904499 /* del_impl.cpp */,
				2A1189241A75D4AA00904499 /* del_interface.hpp */,
				2A1189251A75D4AA00904499 /* dpoint.hpp */,
				2A1189261A75D4AA00904499 /* triangle.h */,
				2A1189271A75D4AA00904499 /* triangle_impl.hpp */,
			);
			path = triangle;
			sourceTree = "<group>";
		};
		2A11892C1A75D4AA00904499 /* src */ = {
			isa = PBXGroup;
			children = (
				2A11892D1A75D4AA00904499 /* ofxBox2d.cpp */,
				2A11892E1A75D4AA00904499 /* ofxBox2d.h */,
				2A11892F1A75D4AA00904499 /* ofxBox2dBaseShape.cpp */,
				2A1189301A75D4AA00904499 /* ofxBox2dBaseShape.h */,
				2A1189311A75D4AA00904499 /* ofxBox2dCircle.cpp */,
				2A1189321A75D4AA00904499 /* ofxBox2dCircle.h */,
				2A1189331A75D4AA00904499 /* ofxBox2dContactListener.h */,
				2A1189341A75D4AA00904499 /* ofxBox2dEdge.cpp */,
				2A1189351A75D4AA00904499 /* ofxBox2dEdge.h */,
				2A1189361A75D4AA00904499 /* ofxBox2dJoint.cpp */,
				2A1189371A75D4AA00904499 /* ofxBox2dJoint.h */,
				2A1189381A75D4AA00904499 /* ofxBox2dParticleSystem.cpp */,
				2A1189391A75D4AA00904499 /* ofxBox2dParticleSystem.h */,
				2A11893A1A75D4AA00904499 /* ofxBox2dPolygon.cpp */,
				2A11893B1A75D4AA00904499 /* ofxBox2dPolygon.h */,
				2A11893C1A75D4AA00904499 /* ofxBox2dPolygonUtils.h */,
				2A11893D1A75D4AA00904499 /* ofxBox2dRect.cpp */,
				2A11893E1A75D4AA00904499 /* ofxBox2dRect.h */,
				2A11893F1A75D4AA00904499 /* ofxBox2dRender.h */,
				2A1189401A75D4AA00904499 /* ofxBox2dUtils.h */,
				2A1189411A75D4AA00904499 /* ofxLiquidFun.h */,
				2AE242FD1A8075EE00515318 /* ofxBox2dRevoluteJoint.cpp */,
				2AE242FE1A8075EE00515318 /* ofxBox2dRevoluteJoint.h */,
			);
			path = src;
			sourceTree = "<group>";
		};
		2A1189DB1A79D19200904499 /* ofxTimeMeasurements */ = {
			isa = PBXGroup;
			children = (
				2A1189E11A79D19200904499 /* lib */,
				2A1189E51A79D19200904499 /* src */,
			);
			name = ofxTimeMeasurements;
			path = ../../external_addons/ofxTimeMeasurements;
			sourceTree = "<group>";
		};
		2A1189E11A79D19200904499 /* lib */ = {
			isa = PBXGroup;
			children = (
				2A1189E21A79D19200904499 /* tree.h */,
			);
			path = lib;
			sourceTree = "<group>";
		};
		2A1189E51A79D19200904499 /* src */ = {
			isa = PBXGroup;
			children = (
				2A1189E61A79D19200904499 /* ofxTimeMeasurements.cpp */,
				2A1189E71A79D19200904499 /* ofxTimeMeasurements.h */,
			);
			path = src;
			sourceTree = "<group>";
		};
		BB16E9930F2B1E5900518274 /* libs */ = {
			isa = PBXGroup;
			children = (
				BBE5E94E0F497BD800F28951 /* core */,
			);
			name = libs;
			sourceTree = "<group>";
		};
		BB16F26B0F2B646B00518274 /* addons */ = {
			isa = PBXGroup;
			children = (
				2A1189DB1A79D19200904499 /* ofxTimeMeasurements */,
				2A1188611A75D4AA00904499 /* ofxLiquidFun */,
				2A1188581A75D4A000904499 /* ofxSpriteSheet */,
				2A1188421A75D49800904499 /* ofxUINode */,
			);
			name = addons;
			sourceTree = "<group>";
		};
		BB24E1F710DAA51900E9C588 /* openFrameworks */ = {
			isa = PBXGroup;
			children = (
				E41D40FD13B3A0D800A75A5D /* iOS+OFLib.xcodeproj */,
				32CA4F630368D1EE00C91783 /* ofxiOS_Prefix.pch */,
				BB24DDC910DA781C00E9C588 /* ofxiOS-Info.plist */,
				E41D3EE513B3906D00A75A5D /* CoreOF.xcconfig */,
				E41D3ED613B38FB500A75A5D /* Project.xcconfig */,
			);
			name = openFrameworks;
			sourceTree = "<group>";
		};
		BBE5E94E0F497BD800F28951 /* core */ = {
			isa = PBXGroup;
			children = (
				29B97323FDCFA39411CA2CEA /* core frameworks */,
			);
			name = core;
			sourceTree = "<group>";
		};
		E41D40FE13B3A0D800A75A5D /* Products */ = {
			isa = PBXGroup;
			children = (
				E41D410213B3A0D800A75A5D /* libofxiOS_iphoneos_Debug.a */,
			);
			name = Products;
			sourceTree = "<group>";
		};
		E4D8936A11527B74007E1F53 /* src */ = {
			isa = PBXGroup;
			children = (
				2A1189BB1A75F1D000904499 /* Resources.cpp */,
				2A1189BC1A75F1D000904499 /* Resources.h */,
				E4D8936B11527B74007E1F53 /* main.mm */,
				E4D8936D11527B74007E1F53 /* ofApp.mm */,
				E4D8936C11527B74007E1F53 /* ofApp.h */,
				2AC525C21A7C80EC00F28BC0 /* TreeNode.cpp */,
				2AC525C31A7C80EC00F28BC0 /* TreeNode.h */,
				2AC525C51A7C811300F28BC0 /* JointsTree.cpp */,
				2AC525C61A7C811300F28BC0 /* JointsTree.h */,
			);
			path = src;
			sourceTree = SOURCE_ROOT;
		};
/* End PBXGroup section */

/* Begin PBXNativeTarget section */
		1D6058900D05DD3D006BFB54 /* liquidfun */ = {
			isa = PBXNativeTarget;
			buildConfigurationList = 1D6058960D05DD3E006BFB54 /* Build configuration list for PBXNativeTarget "liquidfun" */;
			buildPhases = (
				1D60588D0D05DD3D006BFB54 /* Resources */,
				1D60588E0D05DD3D006BFB54 /* Sources */,
				1D60588F0D05DD3D006BFB54 /* Frameworks */,
				9255DD331112741900D6945E /* ShellScript */,
			);
			buildRules = (
			);
			dependencies = (
				E41D410413B3A11300A75A5D /* PBXTargetDependency */,
			);
			name = liquidfun;
			productName = iPhone;
			productReference = 1D6058910D05DD3D006BFB54 /* liquidfun.app */;
			productType = "com.apple.product-type.application";
		};
/* End PBXNativeTarget section */

/* Begin PBXProject section */
		29B97313FDCFA39411CA2CEA /* Project object */ = {
			isa = PBXProject;
			attributes = {
				LastUpgradeCheck = 0600;
				TargetAttributes = {
					1D6058900D05DD3D006BFB54 = {
						DevelopmentTeam = Z6ESMMMR7D;
					};
				};
			};
			buildConfigurationList = C01FCF4E08A954540054247B /* Build configuration list for PBXProject "liquidfun" */;
			compatibilityVersion = "Xcode 3.2";
			developmentRegion = English;
			hasScannedForEncodings = 1;
			knownRegions = (
				English,
				Japanese,
				French,
				German,
			);
			mainGroup = 29B97314FDCFA39411CA2CEA /* CustomTemplate */;
			projectDirPath = "";
			projectReferences = (
				{
					ProductGroup = E41D40FE13B3A0D800A75A5D /* Products */;
					ProjectRef = E41D40FD13B3A0D800A75A5D /* iOS+OFLib.xcodeproj */;
				},
			);
			projectRoot = "";
			targets = (
				1D6058900D05DD3D006BFB54 /* liquidfun */,
			);
		};
/* End PBXProject section */

/* Begin PBXReferenceProxy section */
		E41D410213B3A0D800A75A5D /* libofxiOS_iphoneos_Debug.a */ = {
			isa = PBXReferenceProxy;
			fileType = archive.ar;
			path = libofxiOS_iphoneos_Debug.a;
			remoteRef = E41D410113B3A0D800A75A5D /* PBXContainerItemProxy */;
			sourceTree = BUILT_PRODUCTS_DIR;
		};
/* End PBXReferenceProxy section */

/* Begin PBXResourcesBuildPhase section */
		1D60588D0D05DD3D006BFB54 /* Resources */ = {
			isa = PBXResourcesBuildPhase;
			buildActionMask = 2147483647;
			files = (
				678E130817951530005B6D19 /* Icon@2x.png in Resources */,
				2A11885E1A75D4A000904499 /* .gitignore in Resources */,
				678E130A17951536005B6D19 /* Icon.png in Resources */,
				678E130C1795153C005B6D19 /* Default.png in Resources */,
				678E130E17951540005B6D19 /* Default@2x.png in Resources */,
				2A1188511A75D49800904499 /* .gitignore in Resources */,
				678E131017951549005B6D19 /* Default-568h@2x~iphone.png in Resources */,
			);
			runOnlyForDeploymentPostprocessing = 0;
		};
/* End PBXResourcesBuildPhase section */

/* Begin PBXShellScriptBuildPhase section */
		9255DD331112741900D6945E /* ShellScript */ = {
			isa = PBXShellScriptBuildPhase;
			buildActionMask = 2147483647;
			files = (
			);
			inputPaths = (
			);
			outputPaths = (
			);
			runOnlyForDeploymentPostprocessing = 0;
			shellPath = /bin/sh;
			shellScript = "cp -rf bin/data/ \"$TARGET_BUILD_DIR/$PRODUCT_NAME.app\"\n\n\n\n";
		};
/* End PBXShellScriptBuildPhase section */

/* Begin PBXSourcesBuildPhase section */
		1D60588E0D05DD3D006BFB54 /* Sources */ = {
			isa = PBXSourcesBuildPhase;
			buildActionMask = 2147483647;
			files = (
				2A1189991A75D4AA00904499 /* b2WeldJoint.cpp in Sources */,
				2A11896F1A75D4AA00904499 /* b2Collision.cpp in Sources */,
				2A1189861A75D4AA00904499 /* b2ChainAndCircleContact.cpp in Sources */,
				2A1189A01A75D4AA00904499 /* b2Rope.cpp in Sources */,
				2A1189981A75D4AA00904499 /* b2RopeJoint.cpp in Sources */,
				2A1189761A75D4AA00904499 /* b2PolygonShape.cpp in Sources */,
				2A11897A1A75D4AA00904499 /* b2Math.cpp in Sources */,
				2A1189771A75D4AA00904499 /* b2BlockAllocator.cpp in Sources */,
				2A11899E1A75D4AA00904499 /* b2ParticleSystem.cpp in Sources */,
				2A1189741A75D4AA00904499 /* b2CircleShape.cpp in Sources */,
				2A1189951A75D4AA00904499 /* b2PrismaticJoint.cpp in Sources */,
				2A11899D1A75D4AA00904499 /* b2ParticleGroup.cpp in Sources */,
				2A1189ED1A79D19200904499 /* ofxTimeMeasurements.cpp in Sources */,
				2A1188521A75D49800904499 /* README.md in Sources */,
				2A11899C1A75D4AA00904499 /* b2ParticleAssembly.cpp in Sources */,
				2A1189791A75D4AA00904499 /* b2FreeList.cpp in Sources */,
				2A1189961A75D4AA00904499 /* b2PulleyJoint.cpp in Sources */,
				2A1189831A75D4AA00904499 /* b2Island.cpp in Sources */,
				2A1189B81A75DA8D00904499 /* ofxSprite.cpp in Sources */,
				2A1189A71A75D4AA00904499 /* ofxBox2dBaseShape.cpp in Sources */,
				2A1189701A75D4AA00904499 /* b2Distance.cpp in Sources */,
				2A1189A81A75D4AA00904499 /* ofxBox2dCircle.cpp in Sources */,
				2A11896B1A75D4AA00904499 /* b2BroadPhase.cpp in Sources */,
				2A1189A61A75D4AA00904499 /* ofxBox2d.cpp in Sources */,
				2A1189781A75D4AA00904499 /* b2Draw.cpp in Sources */,
				E4D8936E11527B74007E1F53 /* main.mm in Sources */,
				2A1189931A75D4AA00904499 /* b2MotorJoint.cpp in Sources */,
				2A1189811A75D4AA00904499 /* b2ContactManager.cpp in Sources */,
				2A1189891A75D4AA00904499 /* b2Contact.cpp in Sources */,
				2A1189AA1A75D4AA00904499 /* ofxBox2dJoint.cpp in Sources */,
				2A11896C1A75D4AA00904499 /* b2CollideCircle.cpp in Sources */,
				2AC525C71A7C811300F28BC0 /* JointsTree.cpp in Sources */,
				E4D8936F11527B74007E1F53 /* ofApp.mm in Sources */,
				2A1189751A75D4AA00904499 /* b2EdgeShape.cpp in Sources */,
				2A1189731A75D4AA00904499 /* b2ChainShape.cpp in Sources */,
				2A1189881A75D4AA00904499 /* b2CircleContact.cpp in Sources */,
				2AE242FF1A8075EE00515318 /* ofxBox2dRevoluteJoint.cpp in Sources */,
				2A1189841A75D4AA00904499 /* b2World.cpp in Sources */,
				2A1189711A75D4AA00904499 /* b2DynamicTree.cpp in Sources */,
				2A1188551A75D49800904499 /* ofxUINode.cpp in Sources */,
				2A1189911A75D4AA00904499 /* b2GearJoint.cpp in Sources */,
				2A11899B1A75D4AA00904499 /* b2Particle.cpp in Sources */,
				2A1189871A75D4AA00904499 /* b2ChainAndPolygonContact.cpp in Sources */,
				2A1188561A75D49800904499 /* TouchEvent.cpp in Sources */,
				2A1189801A75D4AA00904499 /* b2Body.cpp in Sources */,
				2A1189851A75D4AA00904499 /* b2WorldCallbacks.cpp in Sources */,
				2A1189921A75D4AA00904499 /* b2Joint.cpp in Sources */,
				2A11898A1A75D4AA00904499 /* b2ContactSolver.cpp in Sources */,
				2A11898D1A75D4AA00904499 /* b2PolygonAndCircleContact.cpp in Sources */,
				2A11898E1A75D4AA00904499 /* b2PolygonContact.cpp in Sources */,
				2A1188541A75D49800904499 /* TextureButton.cpp in Sources */,
				2A11897E1A75D4AA00904499 /* b2Timer.cpp in Sources */,
				2A11898C1A75D4AA00904499 /* b2EdgeAndPolygonContact.cpp in Sources */,
				2A11896D1A75D4AA00904499 /* b2CollideEdge.cpp in Sources */,
				2A1189AC1A75D4AA00904499 /* ofxBox2dPolygon.cpp in Sources */,
				2A11885F1A75D4A000904499 /* README.md in Sources */,
				2A1189AD1A75D4AA00904499 /* ofxBox2dRect.cpp in Sources */,
				2A1189901A75D4AA00904499 /* b2FrictionJoint.cpp in Sources */,
				2A1189AB1A75D4AA00904499 /* ofxBox2dParticleSystem.cpp in Sources */,
				2A1189A91A75D4AA00904499 /* ofxBox2dEdge.cpp in Sources */,
				2A1189BD1A75F1D000904499 /* Resources.cpp in Sources */,
				2A1188531A75D49800904499 /* BitmapTextButton.cpp in Sources */,
				2A1189971A75D4AA00904499 /* b2RevoluteJoint.cpp in Sources */,
				2A11897F1A75D4AA00904499 /* b2TrackedBlock.cpp in Sources */,
				2A11897D1A75D4AA00904499 /* b2Stat.cpp in Sources */,
				2A11899A1A75D4AA00904499 /* b2WheelJoint.cpp in Sources */,
				2A1189A11A75D4AA00904499 /* del_impl.cpp in Sources */,
				2A11897B1A75D4AA00904499 /* b2Settings.cpp in Sources */,
				2A1189941A75D4AA00904499 /* b2MouseJoint.cpp in Sources */,
				2A1189721A75D4AA00904499 /* b2TimeOfImpact.cpp in Sources */,
				2A1188571A75D49800904499 /* TouchManager.cpp in Sources */,
				2A11899F1A75D4AA00904499 /* b2VoronoiDiagram.cpp in Sources */,
				2A11897C1A75D4AA00904499 /* b2StackAllocator.cpp in Sources */,
				2A11898B1A75D4AA00904499 /* b2EdgeAndCircleContact.cpp in Sources */,
				2A1189821A75D4AA00904499 /* b2Fixture.cpp in Sources */,
				2A11896E1A75D4AA00904499 /* b2CollidePolygon.cpp in Sources */,
				2AC525C41A7C80EC00F28BC0 /* TreeNode.cpp in Sources */,
				2A11898F1A75D4AA00904499 /* b2DistanceJoint.cpp in Sources */,
			);
			runOnlyForDeploymentPostprocessing = 0;
		};
/* End PBXSourcesBuildPhase section */

/* Begin PBXTargetDependency section */
		E41D410413B3A11300A75A5D /* PBXTargetDependency */ = {
			isa = PBXTargetDependency;
			name = "iPhone+OF Static Library";
			targetProxy = E41D410313B3A11300A75A5D /* PBXContainerItemProxy */;
		};
/* End PBXTargetDependency section */

/* Begin XCBuildConfiguration section */
		1D6058940D05DD3E006BFB54 /* Debug */ = {
			isa = XCBuildConfiguration;
			buildSettings = {
				ALWAYS_SEARCH_USER_PATHS = NO;
				GCC_PRECOMPILE_PREFIX_HEADER = YES;
				GCC_PREFIX_HEADER = ofxiOS_Prefix.pch;
				HEADER_SEARCH_PATHS = (
					"$(OF_CORE_HEADERS)",
					../../external_addons/ofxLiquidFun/libs/,
					../../OF/addons/ofxiOS/gl,
				);
				INFOPLIST_FILE = "ofxiOS-Info.plist";
				IPHONEOS_DEPLOYMENT_TARGET = 7.1;
				PRODUCT_NAME = "${TARGET_NAME}";
				TARGETED_DEVICE_FAMILY = 1;
				VALID_ARCHS = armv7;
			};
			name = Debug;
		};
		1D6058950D05DD3E006BFB54 /* Release */ = {
			isa = XCBuildConfiguration;
			buildSettings = {
				GCC_PRECOMPILE_PREFIX_HEADER = YES;
				GCC_PREFIX_HEADER = ofxiOS_Prefix.pch;
				HEADER_SEARCH_PATHS = (
					"$(OF_CORE_HEADERS)",
					../../external_addons/ofxLiquidFun/libs/,
					../../OF/addons/ofxiOS/gl,
				);
				INFOPLIST_FILE = "ofxiOS-Info.plist";
				IPHONEOS_DEPLOYMENT_TARGET = 7.1;
				PRODUCT_NAME = "${TARGET_NAME}";
				TARGETED_DEVICE_FAMILY = 1;
				VALID_ARCHS = armv7;
			};
			name = Release;
		};
		C01FCF4F08A954540054247B /* Debug */ = {
			isa = XCBuildConfiguration;
			baseConfigurationReference = E41D3ED613B38FB500A75A5D /* Project.xcconfig */;
			buildSettings = {
				ALWAYS_SEARCH_USER_PATHS = YES;
				CLANG_CXX_LIBRARY = "libstdc++";
				CODE_SIGN_IDENTITY = "";
				"CODE_SIGN_IDENTITY[sdk=iphoneos*]" = "iPhone Developer";
				COMPRESS_PNG_FILES = NO;
				GCC_C_LANGUAGE_STANDARD = c99;
				GCC_OPTIMIZATION_LEVEL = 0;
				GCC_SYMBOLS_PRIVATE_EXTERN = NO;
				GCC_WARN_ABOUT_INVALID_OFFSETOF_MACRO = NO;
				GCC_WARN_ABOUT_POINTER_SIGNEDNESS = NO;
				GCC_WARN_ABOUT_RETURN_TYPE = YES;
				GCC_WARN_ALLOW_INCOMPLETE_PROTOCOL = NO;
				GCC_WARN_PROTOTYPE_CONVERSION = NO;
				GCC_WARN_UNUSED_VARIABLE = YES;
				HEADER_SEARCH_PATHS = (
					"$(OF_CORE_HEADERS)",
					../../OF/addons/ofxiOS/libs,
					../../OF/addons/ofxiOS/src,
					../../OF/addons/ofxiOS/src/app,
					../../OF/addons/ofxiOS/src/core,
					../../OF/addons/ofxiOS/src/events,
					../../OF/addons/ofxiOS/src/gl,
					../../OF/addons/ofxiOS/src/sound,
					../../OF/addons/ofxiOS/src/utils,
					../../OF/addons/ofxiOS/src/video,
				);
				IPHONEOS_DEPLOYMENT_TARGET = 5.1.1;
				ONLY_ACTIVE_ARCH = NO;
				"PROVISIONING_PROFILE[sdk=iphoneos*]" = "";
				SDKROOT = iphoneos;
				TARGETED_DEVICE_FAMILY = 1;
				VALID_ARCHS = armv7;
				WARNING_LDFLAGS = "-no_arch_warnings";
			};
			name = Debug;
		};
		C01FCF5008A954540054247B /* Release */ = {
			isa = XCBuildConfiguration;
			baseConfigurationReference = E41D3ED613B38FB500A75A5D /* Project.xcconfig */;
			buildSettings = {
				ALWAYS_SEARCH_USER_PATHS = YES;
				CLANG_CXX_LIBRARY = "libstdc++";
				CODE_SIGN_IDENTITY = "";
				"CODE_SIGN_IDENTITY[sdk=iphoneos*]" = "iPhone Developer";
				COMPRESS_PNG_FILES = NO;
				GCC_C_LANGUAGE_STANDARD = c99;
				GCC_DYNAMIC_NO_PIC = NO;
				GCC_GENERATE_DEBUGGING_SYMBOLS = NO;
				GCC_OPTIMIZATION_LEVEL = 3;
				GCC_SYMBOLS_PRIVATE_EXTERN = NO;
				GCC_THUMB_SUPPORT = NO;
				GCC_WARN_ABOUT_RETURN_TYPE = YES;
				GCC_WARN_UNUSED_VARIABLE = YES;
				HEADER_SEARCH_PATHS = (
					"$(OF_CORE_HEADERS)",
					../../OF/addons/ofxiOS/libs,
					../../OF/addons/ofxiOS/src,
					../../OF/addons/ofxiOS/src/app,
					../../OF/addons/ofxiOS/src/core,
					../../OF/addons/ofxiOS/src/events,
					../../OF/addons/ofxiOS/src/gl,
					../../OF/addons/ofxiOS/src/sound,
					../../OF/addons/ofxiOS/src/utils,
					../../OF/addons/ofxiOS/src/video,
				);
				IPHONEOS_DEPLOYMENT_TARGET = 5.1.1;
				ONLY_ACTIVE_ARCH = NO;
				SDKROOT = iphoneos;
				TARGETED_DEVICE_FAMILY = 1;
				VALID_ARCHS = armv7;
				WARNING_LDFLAGS = "-no_arch_warnings";
			};
			name = Release;
		};
/* End XCBuildConfiguration section */

/* Begin XCConfigurationList section */
		1D6058960D05DD3E006BFB54 /* Build configuration list for PBXNativeTarget "liquidfun" */ = {
			isa = XCConfigurationList;
			buildConfigurations = (
				1D6058940D05DD3E006BFB54 /* Debug */,
				1D6058950D05DD3E006BFB54 /* Release */,
			);
			defaultConfigurationIsVisible = 0;
			defaultConfigurationName = Release;
		};
		C01FCF4E08A954540054247B /* Build configuration list for PBXProject "liquidfun" */ = {
			isa = XCConfigurationList;
			buildConfigurations = (
				C01FCF4F08A954540054247B /* Debug */,
				C01FCF5008A954540054247B /* Release */,
			);
			defaultConfigurationIsVisible = 0;
			defaultConfigurationName = Release;
		};
/* End XCConfigurationList section */
	};
	rootObject = 29B97313FDCFA39411CA2CEA /* Project object */;
}
